// !$*UTF8*$!
{
	archiveVersion = 1;
	classes = {
	};
	objectVersion = 55;
	objects = {

/* Begin PBXBuildFile section */
		0496B7EFB864CC6EA8BE2197 /* Pods_SunnyWeatherIos.framework in Frameworks */ = {isa = PBXBuildFile; fileRef = 7A5BB978B978F86395647C58 /* Pods_SunnyWeatherIos.framework */; };
		0A47745D669621A7738E017C /* Pods_SunnyWeatherIosTests.framework in Frameworks */ = {isa = PBXBuildFile; fileRef = 3646D09041697820F7D8E205 /* Pods_SunnyWeatherIosTests.framework */; };
		56008AFFE8E644D2917F5965 /* Pods_SunnyWeatherIos_SunnyWeatherIosUITests.framework in Frameworks */ = {isa = PBXBuildFile; fileRef = 60ADC6EA1ED3B6361C87EAA5 /* Pods_SunnyWeatherIos_SunnyWeatherIosUITests.framework */; };
		9D0527B02758B1A40047C390 /* CityService.swift in Sources */ = {isa = PBXBuildFile; fileRef = 9D0527AF2758B1A40047C390 /* CityService.swift */; };
		9D0527B32758B7A80047C390 /* CityModel.swift in Sources */ = {isa = PBXBuildFile; fileRef = 9D0527B22758B7A80047C390 /* CityModel.swift */; };
		9D0527B62758B8470047C390 /* CityNetworkManager.swift in Sources */ = {isa = PBXBuildFile; fileRef = 9D0527B52758B8470047C390 /* CityNetworkManager.swift */; };
		9D0527E22758DB750047C390 /* SkyconToImage.swift in Sources */ = {isa = PBXBuildFile; fileRef = 9D0527E12758DB750047C390 /* SkyconToImage.swift */; };
		9D0EC6A92760B86600219DA2 /* AirPositionView.swift in Sources */ = {isa = PBXBuildFile; fileRef = 9D0EC6A82760B86600219DA2 /* AirPositionView.swift */; };
		9D0EC6AC2760F70A00219DA2 /* LocationManager.swift in Sources */ = {isa = PBXBuildFile; fileRef = 9D0EC6AB2760F70A00219DA2 /* LocationManager.swift */; };
		9D0EC6B227610A2900219DA2 /* SettingView.swift in Sources */ = {isa = PBXBuildFile; fileRef = 9D0EC6B127610A2900219DA2 /* SettingView.swift */; };
		9D0EC6B42761111000219DA2 /* AboutSoftwareView.swift in Sources */ = {isa = PBXBuildFile; fileRef = 9D0EC6B32761111000219DA2 /* AboutSoftwareView.swift */; };
		9D2F892A275C8E9D00933D77 /* CityView.swift in Sources */ = {isa = PBXBuildFile; fileRef = 9D2F8929275C8E9D00933D77 /* CityView.swift */; };
		9D34B0AF275F9A9200C75F3C /* RefreshableScrollView.swift in Sources */ = {isa = PBXBuildFile; fileRef = 9D34B0AE275F9A9200C75F3C /* RefreshableScrollView.swift */; };
		9D3903BF27626102003D02BD /* app_icon_120x120.png in Resources */ = {isa = PBXBuildFile; fileRef = 9D3903BE27626102003D02BD /* app_icon_120x120.png */; };
		9D3903C12762617E003D02BD /* app_icon_40x40.png in Resources */ = {isa = PBXBuildFile; fileRef = 9D3903C02762617E003D02BD /* app_icon_40x40.png */; };
		9D3903C3276261DD003D02BD /* app_icon_60x60.png in Resources */ = {isa = PBXBuildFile; fileRef = 9D3903C2276261DD003D02BD /* app_icon_60x60.png */; };
		9D3903C527626208003D02BD /* app_icon_58x58.png in Resources */ = {isa = PBXBuildFile; fileRef = 9D3903C427626208003D02BD /* app_icon_58x58.png */; };
		9D3903C727626235003D02BD /* app_icon_87x87.png in Resources */ = {isa = PBXBuildFile; fileRef = 9D3903C627626235003D02BD /* app_icon_87x87.png */; };
		9D3903C927626266003D02BD /* app_icon_80x80.png in Resources */ = {isa = PBXBuildFile; fileRef = 9D3903C827626266003D02BD /* app_icon_80x80.png */; };
		9D3903CB276262A7003D02BD /* app_icon_180x180.png in Resources */ = {isa = PBXBuildFile; fileRef = 9D3903CA276262A7003D02BD /* app_icon_180x180.png */; };
		9D3903CD276262B0003D02BD /* app_icon_120x120 .png in Resources */ = {isa = PBXBuildFile; fileRef = 9D3903CC276262B0003D02BD /* app_icon_120x120 .png */; };
		9D3903CF2762638E003D02BD /* app_icon_1024x1024.png in Resources */ = {isa = PBXBuildFile; fileRef = 9D3903CE2762638E003D02BD /* app_icon_1024x1024.png */; };
		9D3903D127626565003D02BD /* app_icon_20x20.png in Resources */ = {isa = PBXBuildFile; fileRef = 9D3903D027626565003D02BD /* app_icon_20x20.png */; };
		9D3903D3276265A0003D02BD /* app_icon_76x76.png in Resources */ = {isa = PBXBuildFile; fileRef = 9D3903D2276265A0003D02BD /* app_icon_76x76.png */; };
		9D3903D5276265D3003D02BD /* app_icon_152x152.png in Resources */ = {isa = PBXBuildFile; fileRef = 9D3903D4276265D3003D02BD /* app_icon_152x152.png */; };
		9D3903D727626607003D02BD /* app_icon_167x167.png in Resources */ = {isa = PBXBuildFile; fileRef = 9D3903D627626607003D02BD /* app_icon_167x167.png */; };
		9D3903D92762667E003D02BD /* app_icon_29x29.png in Resources */ = {isa = PBXBuildFile; fileRef = 9D3903D82762667E003D02BD /* app_icon_29x29.png */; };
		9D3C07792753CC0400059C3F /* InformationView.swift in Sources */ = {isa = PBXBuildFile; fileRef = 9D3C07782753CC0400059C3F /* InformationView.swift */; };
		9D3C077B2753DE2E00059C3F /* LifeIndexInformation.swift in Sources */ = {isa = PBXBuildFile; fileRef = 9D3C077A2753DE2E00059C3F /* LifeIndexInformation.swift */; };
		9D478B5C275E552000FB62DD /* SearchModel.swift in Sources */ = {isa = PBXBuildFile; fileRef = 9D478B5B275E552000FB62DD /* SearchModel.swift */; };
		9D478B5E275E5AF500FB62DD /* SearchResultModel.swift in Sources */ = {isa = PBXBuildFile; fileRef = 9D478B5D275E5AF500FB62DD /* SearchResultModel.swift */; };
		9D4E6AC727448720006D0D2B /* TemperatureImformation.swift in Sources */ = {isa = PBXBuildFile; fileRef = 9D4E6AC627448720006D0D2B /* TemperatureImformation.swift */; };
		9D4E6AC9274488AF006D0D2B /* DateInformation.swift in Sources */ = {isa = PBXBuildFile; fileRef = 9D4E6AC8274488AF006D0D2B /* DateInformation.swift */; };
		9D4E6ACB27448A0D006D0D2B /* Air_AlertButton.swift in Sources */ = {isa = PBXBuildFile; fileRef = 9D4E6ACA27448A0D006D0D2B /* Air_AlertButton.swift */; };
		9D4E6ACD27448B88006D0D2B /* HourlyTemperatureInformation.swift in Sources */ = {isa = PBXBuildFile; fileRef = 9D4E6ACC27448B87006D0D2B /* HourlyTemperatureInformation.swift */; };
		9D670BE9274531FB00FA1E45 /* DailyWeatherInformation.swift in Sources */ = {isa = PBXBuildFile; fileRef = 9D670BE8274531FB00FA1E45 /* DailyWeatherInformation.swift */; };
		9D670BEB2745602200FA1E45 /* WeatherInformation.swift in Sources */ = {isa = PBXBuildFile; fileRef = 9D670BEA2745602200FA1E45 /* WeatherInformation.swift */; };
		9D6C7C1727575174006D4B6D /* WeatherScrollview.swift in Sources */ = {isa = PBXBuildFile; fileRef = 9D6C7C1627575174006D4B6D /* WeatherScrollview.swift */; };
		9D6FFE4E27375E3200519E1A /* SunnyWeatherIosApp.swift in Sources */ = {isa = PBXBuildFile; fileRef = 9D6FFE4D27375E3200519E1A /* SunnyWeatherIosApp.swift */; };
		9D6FFE5027375E3200519E1A /* ContentView.swift in Sources */ = {isa = PBXBuildFile; fileRef = 9D6FFE4F27375E3200519E1A /* ContentView.swift */; };
		9D6FFE5227375E3400519E1A /* Assets.xcassets in Resources */ = {isa = PBXBuildFile; fileRef = 9D6FFE5127375E3400519E1A /* Assets.xcassets */; };
		9D6FFE5527375E3400519E1A /* Preview Assets.xcassets in Resources */ = {isa = PBXBuildFile; fileRef = 9D6FFE5427375E3400519E1A /* Preview Assets.xcassets */; };
		9D6FFE6427375E3400519E1A /* SunnyWeatherIosTests.swift in Sources */ = {isa = PBXBuildFile; fileRef = 9D6FFE6327375E3400519E1A /* SunnyWeatherIosTests.swift */; };
		9D6FFE6E27375E3400519E1A /* SunnyWeatherIosUITests.swift in Sources */ = {isa = PBXBuildFile; fileRef = 9D6FFE6D27375E3400519E1A /* SunnyWeatherIosUITests.swift */; };
		9D6FFE7027375E3400519E1A /* SunnyWeatherIosUITestsLaunchTests.swift in Sources */ = {isa = PBXBuildFile; fileRef = 9D6FFE6F27375E3400519E1A /* SunnyWeatherIosUITestsLaunchTests.swift */; };
		9D6FFE842737712800519E1A /* WeatherModel.swift in Sources */ = {isa = PBXBuildFile; fileRef = 9D6FFE832737712800519E1A /* WeatherModel.swift */; };
		9D6FFE872737B57200519E1A /* WeatherService.swift in Sources */ = {isa = PBXBuildFile; fileRef = 9D6FFE862737B57200519E1A /* WeatherService.swift */; };
		9D6FFE8D2737C01300519E1A /* WeatherNetworkManager.swift in Sources */ = {isa = PBXBuildFile; fileRef = 9D6FFE8C2737C01300519E1A /* WeatherNetworkManager.swift */; };
		9D8BBD5F275F34110026F6A0 /* SkyconToBackground.swift in Sources */ = {isa = PBXBuildFile; fileRef = 9D8BBD5E275F34110026F6A0 /* SkyconToBackground.swift */; };
		9D8BBD92275F3A630026F6A0 /* SkyconToBgframe.swift in Sources */ = {isa = PBXBuildFile; fileRef = 9D8BBD91275F3A630026F6A0 /* SkyconToBgframe.swift */; };
		9DA7C85F275A0A30009EE64D /* CityManagerView.swift in Sources */ = {isa = PBXBuildFile; fileRef = 9DA7C85E275A0A30009EE64D /* CityManagerView.swift */; };
		9DB0D23727390F5E00ACA064 /* WeatherDetialViewModel.swift in Sources */ = {isa = PBXBuildFile; fileRef = 9DB0D23627390F5E00ACA064 /* WeatherDetialViewModel.swift */; };
		9DB0D23C273914C400ACA064 /* WeatherDetial.swift in Sources */ = {isa = PBXBuildFile; fileRef = 9DB0D23B273914C400ACA064 /* WeatherDetial.swift */; };
		9DB0D23E2739192D00ACA064 /* WeatherBackground.swift in Sources */ = {isa = PBXBuildFile; fileRef = 9DB0D23D2739192D00ACA064 /* WeatherBackground.swift */; };
		9DB0D24127391A9C00ACA064 /* WeatherDetialModel.swift in Sources */ = {isa = PBXBuildFile; fileRef = 9DB0D24027391A9C00ACA064 /* WeatherDetialModel.swift */; };
		9DB0D2462743DA3A00ACA064 /* SkyconToName.swift in Sources */ = {isa = PBXBuildFile; fileRef = 9DB0D2452743DA3A00ACA064 /* SkyconToName.swift */; };
		9DB0D2482743E53A00ACA064 /* Date.swift in Sources */ = {isa = PBXBuildFile; fileRef = 9DB0D2472743E53A00ACA064 /* Date.swift */; };
		9DF3A9F32761DFBF0013C10C /* AlertCodeToImage.swift in Sources */ = {isa = PBXBuildFile; fileRef = 9DF3A9F22761DFBF0013C10C /* AlertCodeToImage.swift */; };
		9DF3A9F52761E39F0013C10C /* SettingUnit.swift in Sources */ = {isa = PBXBuildFile; fileRef = 9DF3A9F42761E39F0013C10C /* SettingUnit.swift */; };
		9DF3A9F72761FC680013C10C /* ChangeWindDoubleToString.swift in Sources */ = {isa = PBXBuildFile; fileRef = 9DF3A9F62761FC680013C10C /* ChangeWindDoubleToString.swift */; };
		9DF3A9FC276247690013C10C /* UserDefaultManager.swift in Sources */ = {isa = PBXBuildFile; fileRef = 9DF3A9FB276247690013C10C /* UserDefaultManager.swift */; };
		9DF3AA45276251110013C10C /* tigan.png in Resources */ = {isa = PBXBuildFile; fileRef = 9DF3AA04276251100013C10C /* tigan.png */; };
		9DF3AA46276251110013C10C /* warn_red.png in Resources */ = {isa = PBXBuildFile; fileRef = 9DF3AA05276251100013C10C /* warn_red.png */; };
		9DF3AA47276251110013C10C /* fengxiang.png in Resources */ = {isa = PBXBuildFile; fileRef = 9DF3AA06276251100013C10C /* fengxiang.png */; };
		9DF3AA48276251110013C10C /* nengjiandu.png in Resources */ = {isa = PBXBuildFile; fileRef = 9DF3AA07276251100013C10C /* nengjiandu.png */; };
		9DF3AA49276251110013C10C /* fengsu.png in Resources */ = {isa = PBXBuildFile; fileRef = 9DF3AA08276251100013C10C /* fengsu.png */; };
		9DF3AA4A276251110013C10C /* warn_orange.png in Resources */ = {isa = PBXBuildFile; fileRef = 9DF3AA09276251100013C10C /* warn_orange.png */; };
		9DF3AA4B276251110013C10C /* chuanyi.png in Resources */ = {isa = PBXBuildFile; fileRef = 9DF3AA0A276251100013C10C /* chuanyi.png */; };
		9DF3AA4C276251110013C10C /* warn_blue.png in Resources */ = {isa = PBXBuildFile; fileRef = 9DF3AA0B276251100013C10C /* warn_blue.png */; };
		9DF3AA4D276251110013C10C /* ziwaixian1.png in Resources */ = {isa = PBXBuildFile; fileRef = 9DF3AA0C276251100013C10C /* ziwaixian1.png */; };
		9DF3AA4E276251110013C10C /* shidu.png in Resources */ = {isa = PBXBuildFile; fileRef = 9DF3AA0D276251100013C10C /* shidu.png */; };
		9DF3AA4F276251110013C10C /* xiche.png in Resources */ = {isa = PBXBuildFile; fileRef = 9DF3AA0E276251100013C10C /* xiche.png */; };
		9DF3AA50276251110013C10C /* location.png in Resources */ = {isa = PBXBuildFile; fileRef = 9DF3AA0F276251100013C10C /* location.png */; };
		9DF3AA51276251110013C10C /* warn_yellow.png in Resources */ = {isa = PBXBuildFile; fileRef = 9DF3AA10276251100013C10C /* warn_yellow.png */; };
		9DF3AA52276251110013C10C /* qiya.png in Resources */ = {isa = PBXBuildFile; fileRef = 9DF3AA11276251100013C10C /* qiya.png */; };
		9DF3AA53276251110013C10C /* setting.png in Resources */ = {isa = PBXBuildFile; fileRef = 9DF3AA12276251100013C10C /* setting.png */; };
		9DF3AA54276251110013C10C /* ganmaozhishu.png in Resources */ = {isa = PBXBuildFile; fileRef = 9DF3AA13276251100013C10C /* ganmaozhishu.png */; };
		9DF3AA55276251110013C10C /* icon_gray_bg_cloudy.png in Resources */ = {isa = PBXBuildFile; fileRef = 9DF3AA15276251100013C10C /* icon_gray_bg_cloudy.png */; };
		9DF3AA56276251110013C10C /* icon_gray_bg_pm_dirt.png in Resources */ = {isa = PBXBuildFile; fileRef = 9DF3AA16276251100013C10C /* icon_gray_bg_pm_dirt.png */; };
		9DF3AA57276251110013C10C /* icon_gray_bg_t_storm.png in Resources */ = {isa = PBXBuildFile; fileRef = 9DF3AA17276251100013C10C /* icon_gray_bg_t_storm.png */; };
		9DF3AA58276251110013C10C /* icon_gray_bg_moderate_rain.png in Resources */ = {isa = PBXBuildFile; fileRef = 9DF3AA18276251100013C10C /* icon_gray_bg_moderate_rain.png */; };
		9DF3AA59276251110013C10C /* icon_gray_bg_light_snow.png in Resources */ = {isa = PBXBuildFile; fileRef = 9DF3AA19276251100013C10C /* icon_gray_bg_light_snow.png */; };
		9DF3AA5A276251110013C10C /* icon_gray_bg_heavy_snow.png in Resources */ = {isa = PBXBuildFile; fileRef = 9DF3AA1A276251100013C10C /* icon_gray_bg_heavy_snow.png */; };
		9DF3AA5B276251110013C10C /* icon_gray_bg_sunny.png in Resources */ = {isa = PBXBuildFile; fileRef = 9DF3AA1B276251100013C10C /* icon_gray_bg_sunny.png */; };
		9DF3AA5C276251110013C10C /* icon_gray_bg_fog_night.png in Resources */ = {isa = PBXBuildFile; fileRef = 9DF3AA1C276251100013C10C /* icon_gray_bg_fog_night.png */; };
		9DF3AA5D276251110013C10C /* icon_gray_bg_fog.png in Resources */ = {isa = PBXBuildFile; fileRef = 9DF3AA1D276251100013C10C /* icon_gray_bg_fog.png */; };
		9DF3AA5E276251110013C10C /* icon_gray_bg_light_rain.png in Resources */ = {isa = PBXBuildFile; fileRef = 9DF3AA1E276251100013C10C /* icon_gray_bg_light_rain.png */; };
		9DF3AA5F276251110013C10C /* icon_gray_bg_moderate_snow.png in Resources */ = {isa = PBXBuildFile; fileRef = 9DF3AA1F276251100013C10C /* icon_gray_bg_moderate_snow.png */; };
		9DF3AA60276251110013C10C /* icon_gray_bg_cloudy_night.png in Resources */ = {isa = PBXBuildFile; fileRef = 9DF3AA20276251100013C10C /* icon_gray_bg_cloudy_night.png */; };
		9DF3AA61276251110013C10C /* icon_gray_bg_heavy_rain.png in Resources */ = {isa = PBXBuildFile; fileRef = 9DF3AA21276251100013C10C /* icon_gray_bg_heavy_rain.png */; };
		9DF3AA62276251110013C10C /* icon_gray_bg_sunny_night.png in Resources */ = {isa = PBXBuildFile; fileRef = 9DF3AA22276251100013C10C /* icon_gray_bg_sunny_night.png */; };
		9DF3AA63276251110013C10C /* icon_gray_bg_ice_rain.png in Resources */ = {isa = PBXBuildFile; fileRef = 9DF3AA23276251100013C10C /* icon_gray_bg_ice_rain.png */; };
		9DF3AA64276251110013C10C /* icon_gray_bg_sand.png in Resources */ = {isa = PBXBuildFile; fileRef = 9DF3AA24276251100013C10C /* icon_gray_bg_sand.png */; };
		9DF3AA65276251110013C10C /* icon_gray_bg_rain_snow.png in Resources */ = {isa = PBXBuildFile; fileRef = 9DF3AA25276251100013C10C /* icon_gray_bg_rain_snow.png */; };
		9DF3AA66276251110013C10C /* icon_gray_bg_overcast.png in Resources */ = {isa = PBXBuildFile; fileRef = 9DF3AA26276251100013C10C /* icon_gray_bg_overcast.png */; };
		9DF3AA67276251110013C10C /* bg_sun_morning.png in Resources */ = {isa = PBXBuildFile; fileRef = 9DF3AA28276251100013C10C /* bg_sun_morning.png */; };
		9DF3AA68276251110013C10C /* bg_thunder.png in Resources */ = {isa = PBXBuildFile; fileRef = 9DF3AA29276251100013C10C /* bg_thunder.png */; };
		9DF3AA69276251110013C10C /* bg_overcast.png in Resources */ = {isa = PBXBuildFile; fileRef = 9DF3AA2A276251100013C10C /* bg_overcast.png */; };
		9DF3AA6A276251110013C10C /* bg_thundershower_hail.png in Resources */ = {isa = PBXBuildFile; fileRef = 9DF3AA2B276251100013C10C /* bg_thundershower_hail.png */; };
		9DF3AA6B276251110013C10C /* bg_sun.png in Resources */ = {isa = PBXBuildFile; fileRef = 9DF3AA2C276251100013C10C /* bg_sun.png */; };
		9DF3AA6C276251110013C10C /* bg_rain.png in Resources */ = {isa = PBXBuildFile; fileRef = 9DF3AA2D276251100013C10C /* bg_rain.png */; };
		9DF3AA6D276251110013C10C /* bg_storm.png in Resources */ = {isa = PBXBuildFile; fileRef = 9DF3AA2E276251100013C10C /* bg_storm.png */; };
		9DF3AA6E276251110013C10C /* bg_hail.png in Resources */ = {isa = PBXBuildFile; fileRef = 9DF3AA2F276251100013C10C /* bg_hail.png */; };
		9DF3AA6F276251110013C10C /* bg_sand_dust.png in Resources */ = {isa = PBXBuildFile; fileRef = 9DF3AA30276251100013C10C /* bg_sand_dust.png */; };
		9DF3AA70276251110013C10C /* bg_fog.png in Resources */ = {isa = PBXBuildFile; fileRef = 9DF3AA31276251100013C10C /* bg_fog.png */; };
		9DF3AA71276251110013C10C /* bg_air_alert.png in Resources */ = {isa = PBXBuildFile; fileRef = 9DF3AA32276251100013C10C /* bg_air_alert.png */; };
		9DF3AA72276251110013C10C /* bg_smog.png in Resources */ = {isa = PBXBuildFile; fileRef = 9DF3AA33276251100013C10C /* bg_smog.png */; };
		9DF3AA73276251110013C10C /* bg_sun_nightfall.png in Resources */ = {isa = PBXBuildFile; fileRef = 9DF3AA34276251100013C10C /* bg_sun_nightfall.png */; };
		9DF3AA74276251110013C10C /* bg_snow.png in Resources */ = {isa = PBXBuildFile; fileRef = 9DF3AA35276251100013C10C /* bg_snow.png */; };
		9DF3AA75276251110013C10C /* frame_bg_fog.png in Resources */ = {isa = PBXBuildFile; fileRef = 9DF3AA37276251100013C10C /* frame_bg_fog.png */; };
		9DF3AA76276251110013C10C /* frame_bg_sand_dust.png in Resources */ = {isa = PBXBuildFile; fileRef = 9DF3AA38276251100013C10C /* frame_bg_sand_dust.png */; };
		9DF3AA77276251110013C10C /* frame_bg_smog.png in Resources */ = {isa = PBXBuildFile; fileRef = 9DF3AA39276251100013C10C /* frame_bg_smog.png */; };
		9DF3AA78276251110013C10C /* frame_bg_thundershower_hail.png in Resources */ = {isa = PBXBuildFile; fileRef = 9DF3AA3A276251100013C10C /* frame_bg_thundershower_hail.png */; };
		9DF3AA79276251110013C10C /* frame_bg_wind.png in Resources */ = {isa = PBXBuildFile; fileRef = 9DF3AA3B276251100013C10C /* frame_bg_wind.png */; };
		9DF3AA7A276251110013C10C /* frame_bg_snow.png in Resources */ = {isa = PBXBuildFile; fileRef = 9DF3AA3C276251100013C10C /* frame_bg_snow.png */; };
		9DF3AA7B276251110013C10C /* frame_bg_sun_nightfall.png in Resources */ = {isa = PBXBuildFile; fileRef = 9DF3AA3D276251100013C10C /* frame_bg_sun_nightfall.png */; };
		9DF3AA7C276251110013C10C /* frame_bg_storm.png in Resources */ = {isa = PBXBuildFile; fileRef = 9DF3AA3E276251100013C10C /* frame_bg_storm.png */; };
		9DF3AA7D276251110013C10C /* frame_bg_overcast.png in Resources */ = {isa = PBXBuildFile; fileRef = 9DF3AA3F276251100013C10C /* frame_bg_overcast.png */; };
		9DF3AA7E276251110013C10C /* frame_bg_rain.png in Resources */ = {isa = PBXBuildFile; fileRef = 9DF3AA40276251100013C10C /* frame_bg_rain.png */; };
		9DF3AA7F276251110013C10C /* frame_bg_thunder.png in Resources */ = {isa = PBXBuildFile; fileRef = 9DF3AA41276251100013C10C /* frame_bg_thunder.png */; };
		9DF3AA80276251110013C10C /* frame_bg_sun.png in Resources */ = {isa = PBXBuildFile; fileRef = 9DF3AA42276251100013C10C /* frame_bg_sun.png */; };
		9DF3AA81276251110013C10C /* frame_bg_hail.png in Resources */ = {isa = PBXBuildFile; fileRef = 9DF3AA43276251100013C10C /* frame_bg_hail.png */; };
		9DF54D4E276094CD00CCAE2D /* AirDesToColor.swift in Sources */ = {isa = PBXBuildFile; fileRef = 9DF54D4D276094CD00CCAE2D /* AirDesToColor.swift */; };
		9DF54D5027609B8900CCAE2D /* PopupCardStyle.swift in Sources */ = {isa = PBXBuildFile; fileRef = 9DF54D4F27609B8900CCAE2D /* PopupCardStyle.swift */; };
/* End PBXBuildFile section */

/* Begin PBXContainerItemProxy section */
		9D6FFE6027375E3400519E1A /* PBXContainerItemProxy */ = {
			isa = PBXContainerItemProxy;
			containerPortal = 9D6FFE4227375E3200519E1A /* Project object */;
			proxyType = 1;
			remoteGlobalIDString = 9D6FFE4927375E3200519E1A;
			remoteInfo = SunnyWeatherIos;
		};
		9D6FFE6A27375E3400519E1A /* PBXContainerItemProxy */ = {
			isa = PBXContainerItemProxy;
			containerPortal = 9D6FFE4227375E3200519E1A /* Project object */;
			proxyType = 1;
			remoteGlobalIDString = 9D6FFE4927375E3200519E1A;
			remoteInfo = SunnyWeatherIos;
		};
/* End PBXContainerItemProxy section */

/* Begin PBXFileReference section */
		235E151D5853B81C564D5BB6 /* Pods-SunnyWeatherIosTests.debug.xcconfig */ = {isa = PBXFileReference; includeInIndex = 1; lastKnownFileType = text.xcconfig; name = "Pods-SunnyWeatherIosTests.debug.xcconfig"; path = "Target Support Files/Pods-SunnyWeatherIosTests/Pods-SunnyWeatherIosTests.debug.xcconfig"; sourceTree = "<group>"; };
		3646D09041697820F7D8E205 /* Pods_SunnyWeatherIosTests.framework */ = {isa = PBXFileReference; explicitFileType = wrapper.framework; includeInIndex = 0; path = Pods_SunnyWeatherIosTests.framework; sourceTree = BUILT_PRODUCTS_DIR; };
		60ADC6EA1ED3B6361C87EAA5 /* Pods_SunnyWeatherIos_SunnyWeatherIosUITests.framework */ = {isa = PBXFileReference; explicitFileType = wrapper.framework; includeInIndex = 0; path = Pods_SunnyWeatherIos_SunnyWeatherIosUITests.framework; sourceTree = BUILT_PRODUCTS_DIR; };
		7A5BB978B978F86395647C58 /* Pods_SunnyWeatherIos.framework */ = {isa = PBXFileReference; explicitFileType = wrapper.framework; includeInIndex = 0; path = Pods_SunnyWeatherIos.framework; sourceTree = BUILT_PRODUCTS_DIR; };
		8FE4398A74E6FBCEA3239001 /* Pods-SunnyWeatherIos-SunnyWeatherIosUITests.release.xcconfig */ = {isa = PBXFileReference; includeInIndex = 1; lastKnownFileType = text.xcconfig; name = "Pods-SunnyWeatherIos-SunnyWeatherIosUITests.release.xcconfig"; path = "Target Support Files/Pods-SunnyWeatherIos-SunnyWeatherIosUITests/Pods-SunnyWeatherIos-SunnyWeatherIosUITests.release.xcconfig"; sourceTree = "<group>"; };
		934E3F9965CCF37AA0AFF9B3 /* Pods-SunnyWeatherIos.debug.xcconfig */ = {isa = PBXFileReference; includeInIndex = 1; lastKnownFileType = text.xcconfig; name = "Pods-SunnyWeatherIos.debug.xcconfig"; path = "Target Support Files/Pods-SunnyWeatherIos/Pods-SunnyWeatherIos.debug.xcconfig"; sourceTree = "<group>"; };
		9D0527AF2758B1A40047C390 /* CityService.swift */ = {isa = PBXFileReference; lastKnownFileType = sourcecode.swift; path = CityService.swift; sourceTree = "<group>"; };
		9D0527B22758B7A80047C390 /* CityModel.swift */ = {isa = PBXFileReference; lastKnownFileType = sourcecode.swift; path = CityModel.swift; sourceTree = "<group>"; };
		9D0527B52758B8470047C390 /* CityNetworkManager.swift */ = {isa = PBXFileReference; lastKnownFileType = sourcecode.swift; path = CityNetworkManager.swift; sourceTree = "<group>"; };
		9D0527B72758BF5B0047C390 /* Info.plist */ = {isa = PBXFileReference; lastKnownFileType = text.plist.xml; path = Info.plist; sourceTree = "<group>"; };
		9D0527E12758DB750047C390 /* SkyconToImage.swift */ = {isa = PBXFileReference; lastKnownFileType = sourcecode.swift; path = SkyconToImage.swift; sourceTree = "<group>"; };
		9D0EC6A82760B86600219DA2 /* AirPositionView.swift */ = {isa = PBXFileReference; lastKnownFileType = sourcecode.swift; path = AirPositionView.swift; sourceTree = "<group>"; };
		9D0EC6AB2760F70A00219DA2 /* LocationManager.swift */ = {isa = PBXFileReference; lastKnownFileType = sourcecode.swift; path = LocationManager.swift; sourceTree = "<group>"; };
		9D0EC6B127610A2900219DA2 /* SettingView.swift */ = {isa = PBXFileReference; lastKnownFileType = sourcecode.swift; path = SettingView.swift; sourceTree = "<group>"; };
		9D0EC6B32761111000219DA2 /* AboutSoftwareView.swift */ = {isa = PBXFileReference; lastKnownFileType = sourcecode.swift; path = AboutSoftwareView.swift; sourceTree = "<group>"; };
		9D2F8929275C8E9D00933D77 /* CityView.swift */ = {isa = PBXFileReference; lastKnownFileType = sourcecode.swift; path = CityView.swift; sourceTree = "<group>"; };
		9D34B0AE275F9A9200C75F3C /* RefreshableScrollView.swift */ = {isa = PBXFileReference; lastKnownFileType = sourcecode.swift; path = RefreshableScrollView.swift; sourceTree = "<group>"; };
		9D3903BE27626102003D02BD /* app_icon_120x120.png */ = {isa = PBXFileReference; lastKnownFileType = image.png; path = app_icon_120x120.png; sourceTree = "<group>"; };
		9D3903C02762617E003D02BD /* app_icon_40x40.png */ = {isa = PBXFileReference; lastKnownFileType = image.png; path = app_icon_40x40.png; sourceTree = "<group>"; };
		9D3903C2276261DD003D02BD /* app_icon_60x60.png */ = {isa = PBXFileReference; lastKnownFileType = image.png; path = app_icon_60x60.png; sourceTree = "<group>"; };
		9D3903C427626208003D02BD /* app_icon_58x58.png */ = {isa = PBXFileReference; lastKnownFileType = image.png; path = app_icon_58x58.png; sourceTree = "<group>"; };
		9D3903C627626235003D02BD /* app_icon_87x87.png */ = {isa = PBXFileReference; lastKnownFileType = image.png; path = app_icon_87x87.png; sourceTree = "<group>"; };
		9D3903C827626266003D02BD /* app_icon_80x80.png */ = {isa = PBXFileReference; lastKnownFileType = image.png; path = app_icon_80x80.png; sourceTree = "<group>"; };
		9D3903CA276262A7003D02BD /* app_icon_180x180.png */ = {isa = PBXFileReference; lastKnownFileType = image.png; path = app_icon_180x180.png; sourceTree = "<group>"; };
		9D3903CC276262B0003D02BD /* app_icon_120x120 .png */ = {isa = PBXFileReference; lastKnownFileType = image.png; path = "app_icon_120x120 .png"; sourceTree = "<group>"; };
		9D3903CE2762638E003D02BD /* app_icon_1024x1024.png */ = {isa = PBXFileReference; lastKnownFileType = image.png; path = app_icon_1024x1024.png; sourceTree = "<group>"; };
		9D3903D027626565003D02BD /* app_icon_20x20.png */ = {isa = PBXFileReference; lastKnownFileType = image.png; path = app_icon_20x20.png; sourceTree = "<group>"; };
		9D3903D2276265A0003D02BD /* app_icon_76x76.png */ = {isa = PBXFileReference; lastKnownFileType = image.png; path = app_icon_76x76.png; sourceTree = "<group>"; };
		9D3903D4276265D3003D02BD /* app_icon_152x152.png */ = {isa = PBXFileReference; lastKnownFileType = image.png; path = app_icon_152x152.png; sourceTree = "<group>"; };
		9D3903D627626607003D02BD /* app_icon_167x167.png */ = {isa = PBXFileReference; lastKnownFileType = image.png; path = app_icon_167x167.png; sourceTree = "<group>"; };
		9D3903D82762667E003D02BD /* app_icon_29x29.png */ = {isa = PBXFileReference; lastKnownFileType = image.png; path = app_icon_29x29.png; sourceTree = "<group>"; };
		9D3C07782753CC0400059C3F /* InformationView.swift */ = {isa = PBXFileReference; lastKnownFileType = sourcecode.swift; path = InformationView.swift; sourceTree = "<group>"; };
		9D3C077A2753DE2E00059C3F /* LifeIndexInformation.swift */ = {isa = PBXFileReference; lastKnownFileType = sourcecode.swift; path = LifeIndexInformation.swift; sourceTree = "<group>"; };
		9D478B5B275E552000FB62DD /* SearchModel.swift */ = {isa = PBXFileReference; lastKnownFileType = sourcecode.swift; path = SearchModel.swift; sourceTree = "<group>"; };
		9D478B5D275E5AF500FB62DD /* SearchResultModel.swift */ = {isa = PBXFileReference; lastKnownFileType = sourcecode.swift; path = SearchResultModel.swift; sourceTree = "<group>"; };
		9D4E6AC627448720006D0D2B /* TemperatureImformation.swift */ = {isa = PBXFileReference; lastKnownFileType = sourcecode.swift; path = TemperatureImformation.swift; sourceTree = "<group>"; };
		9D4E6AC8274488AF006D0D2B /* DateInformation.swift */ = {isa = PBXFileReference; lastKnownFileType = sourcecode.swift; path = DateInformation.swift; sourceTree = "<group>"; };
		9D4E6ACA27448A0D006D0D2B /* Air_AlertButton.swift */ = {isa = PBXFileReference; lastKnownFileType = sourcecode.swift; path = Air_AlertButton.swift; sourceTree = "<group>"; };
		9D4E6ACC27448B87006D0D2B /* HourlyTemperatureInformation.swift */ = {isa = PBXFileReference; lastKnownFileType = sourcecode.swift; path = HourlyTemperatureInformation.swift; sourceTree = "<group>"; };
		9D670BE8274531FB00FA1E45 /* DailyWeatherInformation.swift */ = {isa = PBXFileReference; lastKnownFileType = sourcecode.swift; path = DailyWeatherInformation.swift; sourceTree = "<group>"; };
		9D670BEA2745602200FA1E45 /* WeatherInformation.swift */ = {isa = PBXFileReference; lastKnownFileType = sourcecode.swift; path = WeatherInformation.swift; sourceTree = "<group>"; };
		9D6C7C1627575174006D4B6D /* WeatherScrollview.swift */ = {isa = PBXFileReference; lastKnownFileType = sourcecode.swift; path = WeatherScrollview.swift; sourceTree = "<group>"; };
		9D6FFE4A27375E3200519E1A /* SunnyWeatherIos.app */ = {isa = PBXFileReference; explicitFileType = wrapper.application; includeInIndex = 0; path = SunnyWeatherIos.app; sourceTree = BUILT_PRODUCTS_DIR; };
		9D6FFE4D27375E3200519E1A /* SunnyWeatherIosApp.swift */ = {isa = PBXFileReference; lastKnownFileType = sourcecode.swift; path = SunnyWeatherIosApp.swift; sourceTree = "<group>"; };
		9D6FFE4F27375E3200519E1A /* ContentView.swift */ = {isa = PBXFileReference; lastKnownFileType = sourcecode.swift; path = ContentView.swift; sourceTree = "<group>"; };
		9D6FFE5127375E3400519E1A /* Assets.xcassets */ = {isa = PBXFileReference; lastKnownFileType = folder.assetcatalog; path = Assets.xcassets; sourceTree = "<group>"; };
		9D6FFE5427375E3400519E1A /* Preview Assets.xcassets */ = {isa = PBXFileReference; lastKnownFileType = folder.assetcatalog; path = "Preview Assets.xcassets"; sourceTree = "<group>"; };
		9D6FFE5F27375E3400519E1A /* SunnyWeatherIosTests.xctest */ = {isa = PBXFileReference; explicitFileType = wrapper.cfbundle; includeInIndex = 0; path = SunnyWeatherIosTests.xctest; sourceTree = BUILT_PRODUCTS_DIR; };
		9D6FFE6327375E3400519E1A /* SunnyWeatherIosTests.swift */ = {isa = PBXFileReference; lastKnownFileType = sourcecode.swift; path = SunnyWeatherIosTests.swift; sourceTree = "<group>"; };
		9D6FFE6927375E3400519E1A /* SunnyWeatherIosUITests.xctest */ = {isa = PBXFileReference; explicitFileType = wrapper.cfbundle; includeInIndex = 0; path = SunnyWeatherIosUITests.xctest; sourceTree = BUILT_PRODUCTS_DIR; };
		9D6FFE6D27375E3400519E1A /* SunnyWeatherIosUITests.swift */ = {isa = PBXFileReference; lastKnownFileType = sourcecode.swift; path = SunnyWeatherIosUITests.swift; sourceTree = "<group>"; };
		9D6FFE6F27375E3400519E1A /* SunnyWeatherIosUITestsLaunchTests.swift */ = {isa = PBXFileReference; lastKnownFileType = sourcecode.swift; path = SunnyWeatherIosUITestsLaunchTests.swift; sourceTree = "<group>"; };
		9D6FFE832737712800519E1A /* WeatherModel.swift */ = {isa = PBXFileReference; lastKnownFileType = sourcecode.swift; path = WeatherModel.swift; sourceTree = "<group>"; };
		9D6FFE862737B57200519E1A /* WeatherService.swift */ = {isa = PBXFileReference; lastKnownFileType = sourcecode.swift; path = WeatherService.swift; sourceTree = "<group>"; };
		9D6FFE8C2737C01300519E1A /* WeatherNetworkManager.swift */ = {isa = PBXFileReference; lastKnownFileType = sourcecode.swift; path = WeatherNetworkManager.swift; sourceTree = "<group>"; };
		9D8BBD5E275F34110026F6A0 /* SkyconToBackground.swift */ = {isa = PBXFileReference; lastKnownFileType = sourcecode.swift; path = SkyconToBackground.swift; sourceTree = "<group>"; };
		9D8BBD91275F3A630026F6A0 /* SkyconToBgframe.swift */ = {isa = PBXFileReference; lastKnownFileType = sourcecode.swift; path = SkyconToBgframe.swift; sourceTree = "<group>"; };
		9DA7C85E275A0A30009EE64D /* CityManagerView.swift */ = {isa = PBXFileReference; lastKnownFileType = sourcecode.swift; path = CityManagerView.swift; sourceTree = "<group>"; };
		9DB0D23627390F5E00ACA064 /* WeatherDetialViewModel.swift */ = {isa = PBXFileReference; lastKnownFileType = sourcecode.swift; path = WeatherDetialViewModel.swift; sourceTree = "<group>"; };
		9DB0D23B273914C400ACA064 /* WeatherDetial.swift */ = {isa = PBXFileReference; lastKnownFileType = sourcecode.swift; path = WeatherDetial.swift; sourceTree = "<group>"; };
		9DB0D23D2739192D00ACA064 /* WeatherBackground.swift */ = {isa = PBXFileReference; lastKnownFileType = sourcecode.swift; path = WeatherBackground.swift; sourceTree = "<group>"; };
		9DB0D24027391A9C00ACA064 /* WeatherDetialModel.swift */ = {isa = PBXFileReference; lastKnownFileType = sourcecode.swift; path = WeatherDetialModel.swift; sourceTree = "<group>"; };
		9DB0D2452743DA3A00ACA064 /* SkyconToName.swift */ = {isa = PBXFileReference; lastKnownFileType = sourcecode.swift; path = SkyconToName.swift; sourceTree = "<group>"; };
		9DB0D2472743E53A00ACA064 /* Date.swift */ = {isa = PBXFileReference; lastKnownFileType = sourcecode.swift; path = Date.swift; sourceTree = "<group>"; };
		9DF3A9F22761DFBF0013C10C /* AlertCodeToImage.swift */ = {isa = PBXFileReference; lastKnownFileType = sourcecode.swift; path = AlertCodeToImage.swift; sourceTree = "<group>"; };
		9DF3A9F42761E39F0013C10C /* SettingUnit.swift */ = {isa = PBXFileReference; lastKnownFileType = sourcecode.swift; path = SettingUnit.swift; sourceTree = "<group>"; };
		9DF3A9F62761FC680013C10C /* ChangeWindDoubleToString.swift */ = {isa = PBXFileReference; lastKnownFileType = sourcecode.swift; path = ChangeWindDoubleToString.swift; sourceTree = "<group>"; };
		9DF3A9FB276247690013C10C /* UserDefaultManager.swift */ = {isa = PBXFileReference; lastKnownFileType = sourcecode.swift; path = UserDefaultManager.swift; sourceTree = "<group>"; };
		9DF3AA04276251100013C10C /* tigan.png */ = {isa = PBXFileReference; lastKnownFileType = image.png; path = tigan.png; sourceTree = "<group>"; };
		9DF3AA05276251100013C10C /* warn_red.png */ = {isa = PBXFileReference; lastKnownFileType = image.png; path = warn_red.png; sourceTree = "<group>"; };
		9DF3AA06276251100013C10C /* fengxiang.png */ = {isa = PBXFileReference; lastKnownFileType = image.png; path = fengxiang.png; sourceTree = "<group>"; };
		9DF3AA07276251100013C10C /* nengjiandu.png */ = {isa = PBXFileReference; lastKnownFileType = image.png; path = nengjiandu.png; sourceTree = "<group>"; };
		9DF3AA08276251100013C10C /* fengsu.png */ = {isa = PBXFileReference; lastKnownFileType = image.png; path = fengsu.png; sourceTree = "<group>"; };
		9DF3AA09276251100013C10C /* warn_orange.png */ = {isa = PBXFileReference; lastKnownFileType = image.png; path = warn_orange.png; sourceTree = "<group>"; };
		9DF3AA0A276251100013C10C /* chuanyi.png */ = {isa = PBXFileReference; lastKnownFileType = image.png; path = chuanyi.png; sourceTree = "<group>"; };
		9DF3AA0B276251100013C10C /* warn_blue.png */ = {isa = PBXFileReference; lastKnownFileType = image.png; path = warn_blue.png; sourceTree = "<group>"; };
		9DF3AA0C276251100013C10C /* ziwaixian1.png */ = {isa = PBXFileReference; lastKnownFileType = image.png; path = ziwaixian1.png; sourceTree = "<group>"; };
		9DF3AA0D276251100013C10C /* shidu.png */ = {isa = PBXFileReference; lastKnownFileType = image.png; path = shidu.png; sourceTree = "<group>"; };
		9DF3AA0E276251100013C10C /* xiche.png */ = {isa = PBXFileReference; lastKnownFileType = image.png; path = xiche.png; sourceTree = "<group>"; };
		9DF3AA0F276251100013C10C /* location.png */ = {isa = PBXFileReference; lastKnownFileType = image.png; path = location.png; sourceTree = "<group>"; };
		9DF3AA10276251100013C10C /* warn_yellow.png */ = {isa = PBXFileReference; lastKnownFileType = image.png; path = warn_yellow.png; sourceTree = "<group>"; };
		9DF3AA11276251100013C10C /* qiya.png */ = {isa = PBXFileReference; lastKnownFileType = image.png; path = qiya.png; sourceTree = "<group>"; };
		9DF3AA12276251100013C10C /* setting.png */ = {isa = PBXFileReference; lastKnownFileType = image.png; path = setting.png; sourceTree = "<group>"; };
		9DF3AA13276251100013C10C /* ganmaozhishu.png */ = {isa = PBXFileReference; lastKnownFileType = image.png; path = ganmaozhishu.png; sourceTree = "<group>"; };
		9DF3AA15276251100013C10C /* icon_gray_bg_cloudy.png */ = {isa = PBXFileReference; lastKnownFileType = image.png; path = icon_gray_bg_cloudy.png; sourceTree = "<group>"; };
		9DF3AA16276251100013C10C /* icon_gray_bg_pm_dirt.png */ = {isa = PBXFileReference; lastKnownFileType = image.png; path = icon_gray_bg_pm_dirt.png; sourceTree = "<group>"; };
		9DF3AA17276251100013C10C /* icon_gray_bg_t_storm.png */ = {isa = PBXFileReference; lastKnownFileType = image.png; path = icon_gray_bg_t_storm.png; sourceTree = "<group>"; };
		9DF3AA18276251100013C10C /* icon_gray_bg_moderate_rain.png */ = {isa = PBXFileReference; lastKnownFileType = image.png; path = icon_gray_bg_moderate_rain.png; sourceTree = "<group>"; };
		9DF3AA19276251100013C10C /* icon_gray_bg_light_snow.png */ = {isa = PBXFileReference; lastKnownFileType = image.png; path = icon_gray_bg_light_snow.png; sourceTree = "<group>"; };
		9DF3AA1A276251100013C10C /* icon_gray_bg_heavy_snow.png */ = {isa = PBXFileReference; lastKnownFileType = image.png; path = icon_gray_bg_heavy_snow.png; sourceTree = "<group>"; };
		9DF3AA1B276251100013C10C /* icon_gray_bg_sunny.png */ = {isa = PBXFileReference; lastKnownFileType = image.png; path = icon_gray_bg_sunny.png; sourceTree = "<group>"; };
		9DF3AA1C276251100013C10C /* icon_gray_bg_fog_night.png */ = {isa = PBXFileReference; lastKnownFileType = image.png; path = icon_gray_bg_fog_night.png; sourceTree = "<group>"; };
		9DF3AA1D276251100013C10C /* icon_gray_bg_fog.png */ = {isa = PBXFileReference; lastKnownFileType = image.png; path = icon_gray_bg_fog.png; sourceTree = "<group>"; };
		9DF3AA1E276251100013C10C /* icon_gray_bg_light_rain.png */ = {isa = PBXFileReference; lastKnownFileType = image.png; path = icon_gray_bg_light_rain.png; sourceTree = "<group>"; };
		9DF3AA1F276251100013C10C /* icon_gray_bg_moderate_snow.png */ = {isa = PBXFileReference; lastKnownFileType = image.png; path = icon_gray_bg_moderate_snow.png; sourceTree = "<group>"; };
		9DF3AA20276251100013C10C /* icon_gray_bg_cloudy_night.png */ = {isa = PBXFileReference; lastKnownFileType = image.png; path = icon_gray_bg_cloudy_night.png; sourceTree = "<group>"; };
		9DF3AA21276251100013C10C /* icon_gray_bg_heavy_rain.png */ = {isa = PBXFileReference; lastKnownFileType = image.png; path = icon_gray_bg_heavy_rain.png; sourceTree = "<group>"; };
		9DF3AA22276251100013C10C /* icon_gray_bg_sunny_night.png */ = {isa = PBXFileReference; lastKnownFileType = image.png; path = icon_gray_bg_sunny_night.png; sourceTree = "<group>"; };
		9DF3AA23276251100013C10C /* icon_gray_bg_ice_rain.png */ = {isa = PBXFileReference; lastKnownFileType = image.png; path = icon_gray_bg_ice_rain.png; sourceTree = "<group>"; };
		9DF3AA24276251100013C10C /* icon_gray_bg_sand.png */ = {isa = PBXFileReference; lastKnownFileType = image.png; path = icon_gray_bg_sand.png; sourceTree = "<group>"; };
		9DF3AA25276251100013C10C /* icon_gray_bg_rain_snow.png */ = {isa = PBXFileReference; lastKnownFileType = image.png; path = icon_gray_bg_rain_snow.png; sourceTree = "<group>"; };
		9DF3AA26276251100013C10C /* icon_gray_bg_overcast.png */ = {isa = PBXFileReference; lastKnownFileType = image.png; path = icon_gray_bg_overcast.png; sourceTree = "<group>"; };
		9DF3AA28276251100013C10C /* bg_sun_morning.png */ = {isa = PBXFileReference; lastKnownFileType = image.png; path = bg_sun_morning.png; sourceTree = "<group>"; };
		9DF3AA29276251100013C10C /* bg_thunder.png */ = {isa = PBXFileReference; lastKnownFileType = image.png; path = bg_thunder.png; sourceTree = "<group>"; };
		9DF3AA2A276251100013C10C /* bg_overcast.png */ = {isa = PBXFileReference; lastKnownFileType = image.png; path = bg_overcast.png; sourceTree = "<group>"; };
		9DF3AA2B276251100013C10C /* bg_thundershower_hail.png */ = {isa = PBXFileReference; lastKnownFileType = image.png; path = bg_thundershower_hail.png; sourceTree = "<group>"; };
		9DF3AA2C276251100013C10C /* bg_sun.png */ = {isa = PBXFileReference; lastKnownFileType = image.png; path = bg_sun.png; sourceTree = "<group>"; };
		9DF3AA2D276251100013C10C /* bg_rain.png */ = {isa = PBXFileReference; lastKnownFileType = image.png; path = bg_rain.png; sourceTree = "<group>"; };
		9DF3AA2E276251100013C10C /* bg_storm.png */ = {isa = PBXFileReference; lastKnownFileType = image.png; path = bg_storm.png; sourceTree = "<group>"; };
		9DF3AA2F276251100013C10C /* bg_hail.png */ = {isa = PBXFileReference; lastKnownFileType = image.png; path = bg_hail.png; sourceTree = "<group>"; };
		9DF3AA30276251100013C10C /* bg_sand_dust.png */ = {isa = PBXFileReference; lastKnownFileType = image.png; path = bg_sand_dust.png; sourceTree = "<group>"; };
		9DF3AA31276251100013C10C /* bg_fog.png */ = {isa = PBXFileReference; lastKnownFileType = image.png; path = bg_fog.png; sourceTree = "<group>"; };
		9DF3AA32276251100013C10C /* bg_air_alert.png */ = {isa = PBXFileReference; lastKnownFileType = image.png; path = bg_air_alert.png; sourceTree = "<group>"; };
		9DF3AA33276251100013C10C /* bg_smog.png */ = {isa = PBXFileReference; lastKnownFileType = image.png; path = bg_smog.png; sourceTree = "<group>"; };
		9DF3AA34276251100013C10C /* bg_sun_nightfall.png */ = {isa = PBXFileReference; lastKnownFileType = image.png; path = bg_sun_nightfall.png; sourceTree = "<group>"; };
		9DF3AA35276251100013C10C /* bg_snow.png */ = {isa = PBXFileReference; lastKnownFileType = image.png; path = bg_snow.png; sourceTree = "<group>"; };
		9DF3AA37276251100013C10C /* frame_bg_fog.png */ = {isa = PBXFileReference; lastKnownFileType = image.png; path = frame_bg_fog.png; sourceTree = "<group>"; };
		9DF3AA38276251100013C10C /* frame_bg_sand_dust.png */ = {isa = PBXFileReference; lastKnownFileType = image.png; path = frame_bg_sand_dust.png; sourceTree = "<group>"; };
		9DF3AA39276251100013C10C /* frame_bg_smog.png */ = {isa = PBXFileReference; lastKnownFileType = image.png; path = frame_bg_smog.png; sourceTree = "<group>"; };
		9DF3AA3A276251100013C10C /* frame_bg_thundershower_hail.png */ = {isa = PBXFileReference; lastKnownFileType = image.png; path = frame_bg_thundershower_hail.png; sourceTree = "<group>"; };
		9DF3AA3B276251100013C10C /* frame_bg_wind.png */ = {isa = PBXFileReference; lastKnownFileType = image.png; path = frame_bg_wind.png; sourceTree = "<group>"; };
		9DF3AA3C276251100013C10C /* frame_bg_snow.png */ = {isa = PBXFileReference; lastKnownFileType = image.png; path = frame_bg_snow.png; sourceTree = "<group>"; };
		9DF3AA3D276251100013C10C /* frame_bg_sun_nightfall.png */ = {isa = PBXFileReference; lastKnownFileType = image.png; path = frame_bg_sun_nightfall.png; sourceTree = "<group>"; };
		9DF3AA3E276251100013C10C /* frame_bg_storm.png */ = {isa = PBXFileReference; lastKnownFileType = image.png; path = frame_bg_storm.png; sourceTree = "<group>"; };
		9DF3AA3F276251100013C10C /* frame_bg_overcast.png */ = {isa = PBXFileReference; lastKnownFileType = image.png; path = frame_bg_overcast.png; sourceTree = "<group>"; };
		9DF3AA40276251100013C10C /* frame_bg_rain.png */ = {isa = PBXFileReference; lastKnownFileType = image.png; path = frame_bg_rain.png; sourceTree = "<group>"; };
		9DF3AA41276251100013C10C /* frame_bg_thunder.png */ = {isa = PBXFileReference; lastKnownFileType = image.png; path = frame_bg_thunder.png; sourceTree = "<group>"; };
		9DF3AA42276251100013C10C /* frame_bg_sun.png */ = {isa = PBXFileReference; lastKnownFileType = image.png; path = frame_bg_sun.png; sourceTree = "<group>"; };
		9DF3AA43276251100013C10C /* frame_bg_hail.png */ = {isa = PBXFileReference; lastKnownFileType = image.png; path = frame_bg_hail.png; sourceTree = "<group>"; };
		9DF54D4D276094CD00CCAE2D /* AirDesToColor.swift */ = {isa = PBXFileReference; lastKnownFileType = sourcecode.swift; path = AirDesToColor.swift; sourceTree = "<group>"; };
		9DF54D4F27609B8900CCAE2D /* PopupCardStyle.swift */ = {isa = PBXFileReference; lastKnownFileType = sourcecode.swift; path = PopupCardStyle.swift; sourceTree = "<group>"; };
		D9A849F2943174577C06E4A6 /* Pods-SunnyWeatherIos-SunnyWeatherIosUITests.debug.xcconfig */ = {isa = PBXFileReference; includeInIndex = 1; lastKnownFileType = text.xcconfig; name = "Pods-SunnyWeatherIos-SunnyWeatherIosUITests.debug.xcconfig"; path = "Target Support Files/Pods-SunnyWeatherIos-SunnyWeatherIosUITests/Pods-SunnyWeatherIos-SunnyWeatherIosUITests.debug.xcconfig"; sourceTree = "<group>"; };
		E7640CE2393E3649448A16D2 /* Pods-SunnyWeatherIos.release.xcconfig */ = {isa = PBXFileReference; includeInIndex = 1; lastKnownFileType = text.xcconfig; name = "Pods-SunnyWeatherIos.release.xcconfig"; path = "Target Support Files/Pods-SunnyWeatherIos/Pods-SunnyWeatherIos.release.xcconfig"; sourceTree = "<group>"; };
		ED90BA1D4025C4429918BF63 /* Pods-SunnyWeatherIosTests.release.xcconfig */ = {isa = PBXFileReference; includeInIndex = 1; lastKnownFileType = text.xcconfig; name = "Pods-SunnyWeatherIosTests.release.xcconfig"; path = "Target Support Files/Pods-SunnyWeatherIosTests/Pods-SunnyWeatherIosTests.release.xcconfig"; sourceTree = "<group>"; };
/* End PBXFileReference section */

/* Begin PBXFrameworksBuildPhase section */
		9D6FFE4727375E3200519E1A /* Frameworks */ = {
			isa = PBXFrameworksBuildPhase;
			buildActionMask = 2147483647;
			files = (
				0496B7EFB864CC6EA8BE2197 /* Pods_SunnyWeatherIos.framework in Frameworks */,
			);
			runOnlyForDeploymentPostprocessing = 0;
		};
		9D6FFE5C27375E3400519E1A /* Frameworks */ = {
			isa = PBXFrameworksBuildPhase;
			buildActionMask = 2147483647;
			files = (
				0A47745D669621A7738E017C /* Pods_SunnyWeatherIosTests.framework in Frameworks */,
			);
			runOnlyForDeploymentPostprocessing = 0;
		};
		9D6FFE6627375E3400519E1A /* Frameworks */ = {
			isa = PBXFrameworksBuildPhase;
			buildActionMask = 2147483647;
			files = (
				56008AFFE8E644D2917F5965 /* Pods_SunnyWeatherIos_SunnyWeatherIosUITests.framework in Frameworks */,
			);
			runOnlyForDeploymentPostprocessing = 0;
		};
/* End PBXFrameworksBuildPhase section */

/* Begin PBXGroup section */
		42297BAA0A2DF913642C9531 /* Frameworks */ = {
			isa = PBXGroup;
			children = (
				7A5BB978B978F86395647C58 /* Pods_SunnyWeatherIos.framework */,
				60ADC6EA1ED3B6361C87EAA5 /* Pods_SunnyWeatherIos_SunnyWeatherIosUITests.framework */,
				3646D09041697820F7D8E205 /* Pods_SunnyWeatherIosTests.framework */,
			);
			name = Frameworks;
			sourceTree = "<group>";
		};
		8AA1763BA968BAD0D08B4F92 /* Pods */ = {
			isa = PBXGroup;
			children = (
				934E3F9965CCF37AA0AFF9B3 /* Pods-SunnyWeatherIos.debug.xcconfig */,
				E7640CE2393E3649448A16D2 /* Pods-SunnyWeatherIos.release.xcconfig */,
				D9A849F2943174577C06E4A6 /* Pods-SunnyWeatherIos-SunnyWeatherIosUITests.debug.xcconfig */,
				8FE4398A74E6FBCEA3239001 /* Pods-SunnyWeatherIos-SunnyWeatherIosUITests.release.xcconfig */,
				235E151D5853B81C564D5BB6 /* Pods-SunnyWeatherIosTests.debug.xcconfig */,
				ED90BA1D4025C4429918BF63 /* Pods-SunnyWeatherIosTests.release.xcconfig */,
			);
			path = Pods;
			sourceTree = "<group>";
		};
		9D0527AE2758B1820047C390 /* City */ = {
			isa = PBXGroup;
			children = (
				9D0527AF2758B1A40047C390 /* CityService.swift */,
			);
			path = City;
			sourceTree = "<group>";
		};
		9D0527B12758B78F0047C390 /* City */ = {
			isa = PBXGroup;
			children = (
				9D0527B22758B7A80047C390 /* CityModel.swift */,
			);
			path = City;
			sourceTree = "<group>";
		};
		9D0527B42758B8280047C390 /* City */ = {
			isa = PBXGroup;
			children = (
				9D0527B52758B8470047C390 /* CityNetworkManager.swift */,
			);
			path = City;
			sourceTree = "<group>";
		};
		9D0EC6AF2760FF4E00219DA2 /* Location */ = {
			isa = PBXGroup;
			children = (
				9D0EC6AB2760F70A00219DA2 /* LocationManager.swift */,
			);
			path = Location;
			sourceTree = "<group>";
		};
		9D0EC6B0276109FB00219DA2 /* Setting */ = {
			isa = PBXGroup;
			children = (
				9D0EC6B127610A2900219DA2 /* SettingView.swift */,
				9D0EC6B32761111000219DA2 /* AboutSoftwareView.swift */,
			);
			path = Setting;
			sourceTree = "<group>";
		};
		9D6FFE4127375E3200519E1A = {
			isa = PBXGroup;
			children = (
				9D6FFE4C27375E3200519E1A /* SunnyWeatherIos */,
				9D6FFE6227375E3400519E1A /* SunnyWeatherIosTests */,
				9D6FFE6C27375E3400519E1A /* SunnyWeatherIosUITests */,
				9D6FFE4B27375E3200519E1A /* Products */,
				8AA1763BA968BAD0D08B4F92 /* Pods */,
				42297BAA0A2DF913642C9531 /* Frameworks */,
			);
			sourceTree = "<group>";
		};
		9D6FFE4B27375E3200519E1A /* Products */ = {
			isa = PBXGroup;
			children = (
				9D6FFE4A27375E3200519E1A /* SunnyWeatherIos.app */,
				9D6FFE5F27375E3400519E1A /* SunnyWeatherIosTests.xctest */,
				9D6FFE6927375E3400519E1A /* SunnyWeatherIosUITests.xctest */,
			);
			name = Products;
			sourceTree = "<group>";
		};
		9D6FFE4C27375E3200519E1A /* SunnyWeatherIos */ = {
			isa = PBXGroup;
			children = (
				9D0527B72758BF5B0047C390 /* Info.plist */,
				9DF3AA00276251100013C10C /* resources */,
				9DB0D2442743D9CD00ACA064 /* Helper */,
				9D6FFE7F27376A5900519E1A /* View */,
				9D6FFE8A2737BF8900519E1A /* Repository */,
				9D6FFE7E27376A4D00519E1A /* ViewModel */,
				9D6FFE7D27376A1E00519E1A /* Server */,
				9D6FFE7C27376A0400519E1A /* Model */,
				9D6FFE5127375E3400519E1A /* Assets.xcassets */,
				9D6FFE5327375E3400519E1A /* Preview Content */,
			);
			path = SunnyWeatherIos;
			sourceTree = "<group>";
		};
		9D6FFE5327375E3400519E1A /* Preview Content */ = {
			isa = PBXGroup;
			children = (
				9D6FFE5427375E3400519E1A /* Preview Assets.xcassets */,
			);
			path = "Preview Content";
			sourceTree = "<group>";
		};
		9D6FFE6227375E3400519E1A /* SunnyWeatherIosTests */ = {
			isa = PBXGroup;
			children = (
				9D6FFE6327375E3400519E1A /* SunnyWeatherIosTests.swift */,
			);
			path = SunnyWeatherIosTests;
			sourceTree = "<group>";
		};
		9D6FFE6C27375E3400519E1A /* SunnyWeatherIosUITests */ = {
			isa = PBXGroup;
			children = (
				9D6FFE6D27375E3400519E1A /* SunnyWeatherIosUITests.swift */,
				9D6FFE6F27375E3400519E1A /* SunnyWeatherIosUITestsLaunchTests.swift */,
			);
			path = SunnyWeatherIosUITests;
			sourceTree = "<group>";
		};
		9D6FFE7C27376A0400519E1A /* Model */ = {
			isa = PBXGroup;
			children = (
				9D0527B12758B78F0047C390 /* City */,
				9DB0D23F27391A6300ACA064 /* ViewModel */,
				9D6FFE80273770F300519E1A /* Weather */,
			);
			path = Model;
			sourceTree = "<group>";
		};
		9D6FFE7D27376A1E00519E1A /* Server */ = {
			isa = PBXGroup;
			children = (
				9D0527AE2758B1820047C390 /* City */,
				9D6FFE852737B4D200519E1A /* Weather */,
			);
			path = Server;
			sourceTree = "<group>";
		};
		9D6FFE7E27376A4D00519E1A /* ViewModel */ = {
			isa = PBXGroup;
			children = (
				9DB0D23627390F5E00ACA064 /* WeatherDetialViewModel.swift */,
			);
			path = ViewModel;
			sourceTree = "<group>";
		};
		9D6FFE7F27376A5900519E1A /* View */ = {
			isa = PBXGroup;
			children = (
				9D0EC6B0276109FB00219DA2 /* Setting */,
				9DA7C85B275A0252009EE64D /* CityManager */,
				9D6FFE4F27375E3200519E1A /* ContentView.swift */,
				9DB0D23A273914A600ACA064 /* Weather */,
				9D6FFE4D27375E3200519E1A /* SunnyWeatherIosApp.swift */,
			);
			path = View;
			sourceTree = "<group>";
		};
		9D6FFE80273770F300519E1A /* Weather */ = {
			isa = PBXGroup;
			children = (
				9D6FFE832737712800519E1A /* WeatherModel.swift */,
				9D478B5B275E552000FB62DD /* SearchModel.swift */,
			);
			path = Weather;
			sourceTree = "<group>";
		};
		9D6FFE852737B4D200519E1A /* Weather */ = {
			isa = PBXGroup;
			children = (
				9D6FFE862737B57200519E1A /* WeatherService.swift */,
			);
			path = Weather;
			sourceTree = "<group>";
		};
		9D6FFE8A2737BF8900519E1A /* Repository */ = {
			isa = PBXGroup;
			children = (
				9DF3A9FA27620C470013C10C /* CoredataForPlace */,
				9D0EC6AF2760FF4E00219DA2 /* Location */,
				9D0527B42758B8280047C390 /* City */,
				9D6FFE8B2737BFCE00519E1A /* Weather */,
			);
			path = Repository;
			sourceTree = "<group>";
		};
		9D6FFE8B2737BFCE00519E1A /* Weather */ = {
			isa = PBXGroup;
			children = (
				9D6FFE8C2737C01300519E1A /* WeatherNetworkManager.swift */,
			);
			path = Weather;
			sourceTree = "<group>";
		};
		9DA7C85B275A0252009EE64D /* CityManager */ = {
			isa = PBXGroup;
			children = (
				9DA7C85E275A0A30009EE64D /* CityManagerView.swift */,
				9D2F8929275C8E9D00933D77 /* CityView.swift */,
			);
			path = CityManager;
			sourceTree = "<group>";
		};
		9DB0D23A273914A600ACA064 /* Weather */ = {
			isa = PBXGroup;
			children = (
				9DB0D23D2739192D00ACA064 /* WeatherBackground.swift */,
				9DB0D23B273914C400ACA064 /* WeatherDetial.swift */,
				9D4E6AC627448720006D0D2B /* TemperatureImformation.swift */,
				9D4E6AC8274488AF006D0D2B /* DateInformation.swift */,
				9D4E6ACA27448A0D006D0D2B /* Air_AlertButton.swift */,
				9D4E6ACC27448B87006D0D2B /* HourlyTemperatureInformation.swift */,
				9D670BE8274531FB00FA1E45 /* DailyWeatherInformation.swift */,
				9D670BEA2745602200FA1E45 /* WeatherInformation.swift */,
				9D3C07782753CC0400059C3F /* InformationView.swift */,
				9D3C077A2753DE2E00059C3F /* LifeIndexInformation.swift */,
				9D6C7C1627575174006D4B6D /* WeatherScrollview.swift */,
				9D34B0AE275F9A9200C75F3C /* RefreshableScrollView.swift */,
				9DF54D4F27609B8900CCAE2D /* PopupCardStyle.swift */,
				9D0EC6A82760B86600219DA2 /* AirPositionView.swift */,
			);
			path = Weather;
			sourceTree = "<group>";
		};
		9DB0D23F27391A6300ACA064 /* ViewModel */ = {
			isa = PBXGroup;
			children = (
				9DB0D24027391A9C00ACA064 /* WeatherDetialModel.swift */,
				9D478B5D275E5AF500FB62DD /* SearchResultModel.swift */,
			);
			path = ViewModel;
			sourceTree = "<group>";
		};
		9DB0D2442743D9CD00ACA064 /* Helper */ = {
			isa = PBXGroup;
			children = (
				9DB0D2472743E53A00ACA064 /* Date.swift */,
				9DB0D2452743DA3A00ACA064 /* SkyconToName.swift */,
				9D0527E12758DB750047C390 /* SkyconToImage.swift */,
				9D8BBD5E275F34110026F6A0 /* SkyconToBackground.swift */,
				9D8BBD91275F3A630026F6A0 /* SkyconToBgframe.swift */,
				9DF54D4D276094CD00CCAE2D /* AirDesToColor.swift */,
				9DF3A9F22761DFBF0013C10C /* AlertCodeToImage.swift */,
				9DF3A9F42761E39F0013C10C /* SettingUnit.swift */,
				9DF3A9F62761FC680013C10C /* ChangeWindDoubleToString.swift */,
			);
			path = Helper;
			sourceTree = "<group>";
		};
		9DF3A9FA27620C470013C10C /* CoredataForPlace */ = {
			isa = PBXGroup;
			children = (
				9DF3A9FB276247690013C10C /* UserDefaultManager.swift */,
			);
			path = CoredataForPlace;
			sourceTree = "<group>";
		};
		9DF3AA00276251100013C10C /* resources */ = {
			isa = PBXGroup;
			children = (
				9DF3AA01276251100013C10C /* app_icon */,
				9DF3AA03276251100013C10C /* weather_information_icon */,
				9DF3AA14276251100013C10C /* weather_icon */,
				9DF3AA27276251100013C10C /* bg */,
				9DF3AA36276251100013C10C /* bg_frame */,
			);
			path = resources;
			sourceTree = "<group>";
		};
		9DF3AA01276251100013C10C /* app_icon */ = {
			isa = PBXGroup;
			children = (
				9D3903D82762667E003D02BD /* app_icon_29x29.png */,
				9D3903D627626607003D02BD /* app_icon_167x167.png */,
				9D3903D2276265A0003D02BD /* app_icon_76x76.png */,
				9D3903D027626565003D02BD /* app_icon_20x20.png */,
				9D3903CE2762638E003D02BD /* app_icon_1024x1024.png */,
				9D3903CC276262B0003D02BD /* app_icon_120x120 .png */,
				9D3903D4276265D3003D02BD /* app_icon_152x152.png */,
				9D3903CA276262A7003D02BD /* app_icon_180x180.png */,
				9D3903C827626266003D02BD /* app_icon_80x80.png */,
				9D3903C627626235003D02BD /* app_icon_87x87.png */,
				9D3903C427626208003D02BD /* app_icon_58x58.png */,
				9D3903C2276261DD003D02BD /* app_icon_60x60.png */,
				9D3903C02762617E003D02BD /* app_icon_40x40.png */,
				9D3903BE27626102003D02BD /* app_icon_120x120.png */,
			);
			path = app_icon;
			sourceTree = "<group>";
		};
		9DF3AA03276251100013C10C /* weather_information_icon */ = {
			isa = PBXGroup;
			children = (
				9DF3AA04276251100013C10C /* tigan.png */,
				9DF3AA05276251100013C10C /* warn_red.png */,
				9DF3AA06276251100013C10C /* fengxiang.png */,
				9DF3AA07276251100013C10C /* nengjiandu.png */,
				9DF3AA08276251100013C10C /* fengsu.png */,
				9DF3AA09276251100013C10C /* warn_orange.png */,
				9DF3AA0A276251100013C10C /* chuanyi.png */,
				9DF3AA0B276251100013C10C /* warn_blue.png */,
				9DF3AA0C276251100013C10C /* ziwaixian1.png */,
				9DF3AA0D276251100013C10C /* shidu.png */,
				9DF3AA0E276251100013C10C /* xiche.png */,
				9DF3AA0F276251100013C10C /* location.png */,
				9DF3AA10276251100013C10C /* warn_yellow.png */,
				9DF3AA11276251100013C10C /* qiya.png */,
				9DF3AA12276251100013C10C /* setting.png */,
				9DF3AA13276251100013C10C /* ganmaozhishu.png */,
			);
			path = weather_information_icon;
			sourceTree = "<group>";
		};
		9DF3AA14276251100013C10C /* weather_icon */ = {
			isa = PBXGroup;
			children = (
				9DF3AA15276251100013C10C /* icon_gray_bg_cloudy.png */,
				9DF3AA16276251100013C10C /* icon_gray_bg_pm_dirt.png */,
				9DF3AA17276251100013C10C /* icon_gray_bg_t_storm.png */,
				9DF3AA18276251100013C10C /* icon_gray_bg_moderate_rain.png */,
				9DF3AA19276251100013C10C /* icon_gray_bg_light_snow.png */,
				9DF3AA1A276251100013C10C /* icon_gray_bg_heavy_snow.png */,
				9DF3AA1B276251100013C10C /* icon_gray_bg_sunny.png */,
				9DF3AA1C276251100013C10C /* icon_gray_bg_fog_night.png */,
				9DF3AA1D276251100013C10C /* icon_gray_bg_fog.png */,
				9DF3AA1E276251100013C10C /* icon_gray_bg_light_rain.png */,
				9DF3AA1F276251100013C10C /* icon_gray_bg_moderate_snow.png */,
				9DF3AA20276251100013C10C /* icon_gray_bg_cloudy_night.png */,
				9DF3AA21276251100013C10C /* icon_gray_bg_heavy_rain.png */,
				9DF3AA22276251100013C10C /* icon_gray_bg_sunny_night.png */,
				9DF3AA23276251100013C10C /* icon_gray_bg_ice_rain.png */,
				9DF3AA24276251100013C10C /* icon_gray_bg_sand.png */,
				9DF3AA25276251100013C10C /* icon_gray_bg_rain_snow.png */,
				9DF3AA26276251100013C10C /* icon_gray_bg_overcast.png */,
			);
			path = weather_icon;
			sourceTree = "<group>";
		};
		9DF3AA27276251100013C10C /* bg */ = {
			isa = PBXGroup;
			children = (
				9DF3AA28276251100013C10C /* bg_sun_morning.png */,
				9DF3AA29276251100013C10C /* bg_thunder.png */,
				9DF3AA2A276251100013C10C /* bg_overcast.png */,
				9DF3AA2B276251100013C10C /* bg_thundershower_hail.png */,
				9DF3AA2C276251100013C10C /* bg_sun.png */,
				9DF3AA2D276251100013C10C /* bg_rain.png */,
				9DF3AA2E276251100013C10C /* bg_storm.png */,
				9DF3AA2F276251100013C10C /* bg_hail.png */,
				9DF3AA30276251100013C10C /* bg_sand_dust.png */,
				9DF3AA31276251100013C10C /* bg_fog.png */,
				9DF3AA32276251100013C10C /* bg_air_alert.png */,
				9DF3AA33276251100013C10C /* bg_smog.png */,
				9DF3AA34276251100013C10C /* bg_sun_nightfall.png */,
				9DF3AA35276251100013C10C /* bg_snow.png */,
			);
			path = bg;
			sourceTree = "<group>";
		};
		9DF3AA36276251100013C10C /* bg_frame */ = {
			isa = PBXGroup;
			children = (
				9DF3AA37276251100013C10C /* frame_bg_fog.png */,
				9DF3AA38276251100013C10C /* frame_bg_sand_dust.png */,
				9DF3AA39276251100013C10C /* frame_bg_smog.png */,
				9DF3AA3A276251100013C10C /* frame_bg_thundershower_hail.png */,
				9DF3AA3B276251100013C10C /* frame_bg_wind.png */,
				9DF3AA3C276251100013C10C /* frame_bg_snow.png */,
				9DF3AA3D276251100013C10C /* frame_bg_sun_nightfall.png */,
				9DF3AA3E276251100013C10C /* frame_bg_storm.png */,
				9DF3AA3F276251100013C10C /* frame_bg_overcast.png */,
				9DF3AA40276251100013C10C /* frame_bg_rain.png */,
				9DF3AA41276251100013C10C /* frame_bg_thunder.png */,
				9DF3AA42276251100013C10C /* frame_bg_sun.png */,
				9DF3AA43276251100013C10C /* frame_bg_hail.png */,
			);
			path = bg_frame;
			sourceTree = "<group>";
		};
/* End PBXGroup section */

/* Begin PBXNativeTarget section */
		9D6FFE4927375E3200519E1A /* SunnyWeatherIos */ = {
			isa = PBXNativeTarget;
			buildConfigurationList = 9D6FFE7327375E3400519E1A /* Build configuration list for PBXNativeTarget "SunnyWeatherIos" */;
			buildPhases = (
				6F02D7CFF21083FC02007928 /* [CP] Check Pods Manifest.lock */,
				9D6FFE4627375E3200519E1A /* Sources */,
				9D6FFE4727375E3200519E1A /* Frameworks */,
				9D6FFE4827375E3200519E1A /* Resources */,
				1834EAE720733334834875B0 /* [CP] Embed Pods Frameworks */,
			);
			buildRules = (
			);
			dependencies = (
			);
			name = SunnyWeatherIos;
			productName = SunnyWeatherIos;
			productReference = 9D6FFE4A27375E3200519E1A /* SunnyWeatherIos.app */;
			productType = "com.apple.product-type.application";
		};
		9D6FFE5E27375E3400519E1A /* SunnyWeatherIosTests */ = {
			isa = PBXNativeTarget;
			buildConfigurationList = 9D6FFE7627375E3400519E1A /* Build configuration list for PBXNativeTarget "SunnyWeatherIosTests" */;
			buildPhases = (
				09CB2DBD24B89AFB76244679 /* [CP] Check Pods Manifest.lock */,
				9D6FFE5B27375E3400519E1A /* Sources */,
				9D6FFE5C27375E3400519E1A /* Frameworks */,
				9D6FFE5D27375E3400519E1A /* Resources */,
			);
			buildRules = (
			);
			dependencies = (
				9D6FFE6127375E3400519E1A /* PBXTargetDependency */,
			);
			name = SunnyWeatherIosTests;
			productName = SunnyWeatherIosTests;
			productReference = 9D6FFE5F27375E3400519E1A /* SunnyWeatherIosTests.xctest */;
			productType = "com.apple.product-type.bundle.unit-test";
		};
		9D6FFE6827375E3400519E1A /* SunnyWeatherIosUITests */ = {
			isa = PBXNativeTarget;
			buildConfigurationList = 9D6FFE7927375E3400519E1A /* Build configuration list for PBXNativeTarget "SunnyWeatherIosUITests" */;
			buildPhases = (
				DBC3670AC63E8AD837679764 /* [CP] Check Pods Manifest.lock */,
				9D6FFE6527375E3400519E1A /* Sources */,
				9D6FFE6627375E3400519E1A /* Frameworks */,
				9D6FFE6727375E3400519E1A /* Resources */,
				3426C0E18DA2B50ADBFBBE3D /* [CP] Embed Pods Frameworks */,
			);
			buildRules = (
			);
			dependencies = (
				9D6FFE6B27375E3400519E1A /* PBXTargetDependency */,
			);
			name = SunnyWeatherIosUITests;
			productName = SunnyWeatherIosUITests;
			productReference = 9D6FFE6927375E3400519E1A /* SunnyWeatherIosUITests.xctest */;
			productType = "com.apple.product-type.bundle.ui-testing";
		};
/* End PBXNativeTarget section */

/* Begin PBXProject section */
		9D6FFE4227375E3200519E1A /* Project object */ = {
			isa = PBXProject;
			attributes = {
				BuildIndependentTargetsInParallel = 1;
				LastSwiftUpdateCheck = 1310;
				LastUpgradeCheck = 1310;
				TargetAttributes = {
					9D6FFE4927375E3200519E1A = {
						CreatedOnToolsVersion = 13.1;
					};
					9D6FFE5E27375E3400519E1A = {
						CreatedOnToolsVersion = 13.1;
						TestTargetID = 9D6FFE4927375E3200519E1A;
					};
					9D6FFE6827375E3400519E1A = {
						CreatedOnToolsVersion = 13.1;
						TestTargetID = 9D6FFE4927375E3200519E1A;
					};
				};
			};
			buildConfigurationList = 9D6FFE4527375E3200519E1A /* Build configuration list for PBXProject "SunnyWeatherIos" */;
			compatibilityVersion = "Xcode 13.0";
			developmentRegion = en;
			hasScannedForEncodings = 0;
			knownRegions = (
				en,
				Base,
			);
			mainGroup = 9D6FFE4127375E3200519E1A;
			productRefGroup = 9D6FFE4B27375E3200519E1A /* Products */;
			projectDirPath = "";
			projectRoot = "";
			targets = (
				9D6FFE4927375E3200519E1A /* SunnyWeatherIos */,
				9D6FFE5E27375E3400519E1A /* SunnyWeatherIosTests */,
				9D6FFE6827375E3400519E1A /* SunnyWeatherIosUITests */,
			);
		};
/* End PBXProject section */

/* Begin PBXResourcesBuildPhase section */
		9D6FFE4827375E3200519E1A /* Resources */ = {
			isa = PBXResourcesBuildPhase;
			buildActionMask = 2147483647;
			files = (
				9DF3AA54276251110013C10C /* ganmaozhishu.png in Resources */,
				9DF3AA4E276251110013C10C /* shidu.png in Resources */,
				9DF3AA67276251110013C10C /* bg_sun_morning.png in Resources */,
				9DF3AA57276251110013C10C /* icon_gray_bg_t_storm.png in Resources */,
				9DF3AA69276251110013C10C /* bg_overcast.png in Resources */,
				9D3903CD276262B0003D02BD /* app_icon_120x120 .png in Resources */,
				9DF3AA56276251110013C10C /* icon_gray_bg_pm_dirt.png in Resources */,
				9DF3AA4B276251110013C10C /* chuanyi.png in Resources */,
				9DF3AA48276251110013C10C /* nengjiandu.png in Resources */,
				9DF3AA5F276251110013C10C /* icon_gray_bg_moderate_snow.png in Resources */,
				9DF3AA4D276251110013C10C /* ziwaixian1.png in Resources */,
				9DF3AA64276251110013C10C /* icon_gray_bg_sand.png in Resources */,
				9D3903CB276262A7003D02BD /* app_icon_180x180.png in Resources */,
				9DF3AA6D276251110013C10C /* bg_storm.png in Resources */,
				9DF3AA78276251110013C10C /* frame_bg_thundershower_hail.png in Resources */,
				9DF3AA5B276251110013C10C /* icon_gray_bg_sunny.png in Resources */,
				9D3903C927626266003D02BD /* app_icon_80x80.png in Resources */,
				9DF3AA7C276251110013C10C /* frame_bg_storm.png in Resources */,
				9D3903BF27626102003D02BD /* app_icon_120x120.png in Resources */,
				9DF3AA55276251110013C10C /* icon_gray_bg_cloudy.png in Resources */,
				9DF3AA45276251110013C10C /* tigan.png in Resources */,
				9DF3AA60276251110013C10C /* icon_gray_bg_cloudy_night.png in Resources */,
				9DF3AA7D276251110013C10C /* frame_bg_overcast.png in Resources */,
				9DF3AA80276251110013C10C /* frame_bg_sun.png in Resources */,
				9DF3AA6F276251110013C10C /* bg_sand_dust.png in Resources */,
				9DF3AA49276251110013C10C /* fengsu.png in Resources */,
				9DF3AA75276251110013C10C /* frame_bg_fog.png in Resources */,
				9DF3AA58276251110013C10C /* icon_gray_bg_moderate_rain.png in Resources */,
				9DF3AA46276251110013C10C /* warn_red.png in Resources */,
				9DF3AA7F276251110013C10C /* frame_bg_thunder.png in Resources */,
				9D3903D127626565003D02BD /* app_icon_20x20.png in Resources */,
				9D3903D3276265A0003D02BD /* app_icon_76x76.png in Resources */,
				9DF3AA63276251110013C10C /* icon_gray_bg_ice_rain.png in Resources */,
				9DF3AA7B276251110013C10C /* frame_bg_sun_nightfall.png in Resources */,
				9DF3AA74276251110013C10C /* bg_snow.png in Resources */,
				9D3903C727626235003D02BD /* app_icon_87x87.png in Resources */,
				9DF3AA6E276251110013C10C /* bg_hail.png in Resources */,
				9DF3AA68276251110013C10C /* bg_thunder.png in Resources */,
				9DF3AA4C276251110013C10C /* warn_blue.png in Resources */,
				9D6FFE5527375E3400519E1A /* Preview Assets.xcassets in Resources */,
				9DF3AA52276251110013C10C /* qiya.png in Resources */,
				9DF3AA4F276251110013C10C /* xiche.png in Resources */,
				9DF3AA7E276251110013C10C /* frame_bg_rain.png in Resources */,
				9D3903C3276261DD003D02BD /* app_icon_60x60.png in Resources */,
				9DF3AA72276251110013C10C /* bg_smog.png in Resources */,
				9DF3AA53276251110013C10C /* setting.png in Resources */,
				9DF3AA65276251110013C10C /* icon_gray_bg_rain_snow.png in Resources */,
				9DF3AA59276251110013C10C /* icon_gray_bg_light_snow.png in Resources */,
				9DF3AA7A276251110013C10C /* frame_bg_snow.png in Resources */,
				9DF3AA47276251110013C10C /* fengxiang.png in Resources */,
				9DF3AA4A276251110013C10C /* warn_orange.png in Resources */,
				9DF3AA76276251110013C10C /* frame_bg_sand_dust.png in Resources */,
				9DF3AA77276251110013C10C /* frame_bg_smog.png in Resources */,
				9DF3AA6A276251110013C10C /* bg_thundershower_hail.png in Resources */,
				9DF3AA5E276251110013C10C /* icon_gray_bg_light_rain.png in Resources */,
				9DF3AA70276251110013C10C /* bg_fog.png in Resources */,
				9D3903D727626607003D02BD /* app_icon_167x167.png in Resources */,
				9DF3AA5D276251110013C10C /* icon_gray_bg_fog.png in Resources */,
				9DF3AA51276251110013C10C /* warn_yellow.png in Resources */,
				9D3903D5276265D3003D02BD /* app_icon_152x152.png in Resources */,
				9DF3AA61276251110013C10C /* icon_gray_bg_heavy_rain.png in Resources */,
				9DF3AA5C276251110013C10C /* icon_gray_bg_fog_night.png in Resources */,
				9D3903D92762667E003D02BD /* app_icon_29x29.png in Resources */,
				9DF3AA73276251110013C10C /* bg_sun_nightfall.png in Resources */,
				9DF3AA50276251110013C10C /* location.png in Resources */,
				9DF3AA81276251110013C10C /* frame_bg_hail.png in Resources */,
				9DF3AA71276251110013C10C /* bg_air_alert.png in Resources */,
				9D6FFE5227375E3400519E1A /* Assets.xcassets in Resources */,
				9DF3AA6C276251110013C10C /* bg_rain.png in Resources */,
				9D3903CF2762638E003D02BD /* app_icon_1024x1024.png in Resources */,
				9DF3AA62276251110013C10C /* icon_gray_bg_sunny_night.png in Resources */,
				9D3903C12762617E003D02BD /* app_icon_40x40.png in Resources */,
				9DF3AA5A276251110013C10C /* icon_gray_bg_heavy_snow.png in Resources */,
				9DF3AA6B276251110013C10C /* bg_sun.png in Resources */,
				9DF3AA66276251110013C10C /* icon_gray_bg_overcast.png in Resources */,
				9DF3AA79276251110013C10C /* frame_bg_wind.png in Resources */,
				9D3903C527626208003D02BD /* app_icon_58x58.png in Resources */,
			);
			runOnlyForDeploymentPostprocessing = 0;
		};
		9D6FFE5D27375E3400519E1A /* Resources */ = {
			isa = PBXResourcesBuildPhase;
			buildActionMask = 2147483647;
			files = (
			);
			runOnlyForDeploymentPostprocessing = 0;
		};
		9D6FFE6727375E3400519E1A /* Resources */ = {
			isa = PBXResourcesBuildPhase;
			buildActionMask = 2147483647;
			files = (
			);
			runOnlyForDeploymentPostprocessing = 0;
		};
/* End PBXResourcesBuildPhase section */

/* Begin PBXShellScriptBuildPhase section */
		09CB2DBD24B89AFB76244679 /* [CP] Check Pods Manifest.lock */ = {
			isa = PBXShellScriptBuildPhase;
			buildActionMask = 2147483647;
			files = (
			);
			inputFileListPaths = (
			);
			inputPaths = (
				"${PODS_PODFILE_DIR_PATH}/Podfile.lock",
				"${PODS_ROOT}/Manifest.lock",
			);
			name = "[CP] Check Pods Manifest.lock";
			outputFileListPaths = (
			);
			outputPaths = (
				"$(DERIVED_FILE_DIR)/Pods-SunnyWeatherIosTests-checkManifestLockResult.txt",
			);
			runOnlyForDeploymentPostprocessing = 0;
			shellPath = /bin/sh;
			shellScript = "diff \"${PODS_PODFILE_DIR_PATH}/Podfile.lock\" \"${PODS_ROOT}/Manifest.lock\" > /dev/null\nif [ $? != 0 ] ; then\n    # print error to STDERR\n    echo \"error: The sandbox is not in sync with the Podfile.lock. Run 'pod install' or update your CocoaPods installation.\" >&2\n    exit 1\nfi\n# This output is used by Xcode 'outputs' to avoid re-running this script phase.\necho \"SUCCESS\" > \"${SCRIPT_OUTPUT_FILE_0}\"\n";
			showEnvVarsInLog = 0;
		};
		1834EAE720733334834875B0 /* [CP] Embed Pods Frameworks */ = {
			isa = PBXShellScriptBuildPhase;
			buildActionMask = 2147483647;
			files = (
			);
			inputFileListPaths = (
				"${PODS_ROOT}/Target Support Files/Pods-SunnyWeatherIos/Pods-SunnyWeatherIos-frameworks-${CONFIGURATION}-input-files.xcfilelist",
			);
			name = "[CP] Embed Pods Frameworks";
			outputFileListPaths = (
				"${PODS_ROOT}/Target Support Files/Pods-SunnyWeatherIos/Pods-SunnyWeatherIos-frameworks-${CONFIGURATION}-output-files.xcfilelist",
			);
			runOnlyForDeploymentPostprocessing = 0;
			shellPath = /bin/sh;
			shellScript = "\"${PODS_ROOT}/Target Support Files/Pods-SunnyWeatherIos/Pods-SunnyWeatherIos-frameworks.sh\"\n";
			showEnvVarsInLog = 0;
		};
		3426C0E18DA2B50ADBFBBE3D /* [CP] Embed Pods Frameworks */ = {
			isa = PBXShellScriptBuildPhase;
			buildActionMask = 2147483647;
			files = (
			);
			inputFileListPaths = (
				"${PODS_ROOT}/Target Support Files/Pods-SunnyWeatherIos-SunnyWeatherIosUITests/Pods-SunnyWeatherIos-SunnyWeatherIosUITests-frameworks-${CONFIGURATION}-input-files.xcfilelist",
			);
			name = "[CP] Embed Pods Frameworks";
			outputFileListPaths = (
				"${PODS_ROOT}/Target Support Files/Pods-SunnyWeatherIos-SunnyWeatherIosUITests/Pods-SunnyWeatherIos-SunnyWeatherIosUITests-frameworks-${CONFIGURATION}-output-files.xcfilelist",
			);
			runOnlyForDeploymentPostprocessing = 0;
			shellPath = /bin/sh;
			shellScript = "\"${PODS_ROOT}/Target Support Files/Pods-SunnyWeatherIos-SunnyWeatherIosUITests/Pods-SunnyWeatherIos-SunnyWeatherIosUITests-frameworks.sh\"\n";
			showEnvVarsInLog = 0;
		};
		6F02D7CFF21083FC02007928 /* [CP] Check Pods Manifest.lock */ = {
			isa = PBXShellScriptBuildPhase;
			buildActionMask = 2147483647;
			files = (
			);
			inputFileListPaths = (
			);
			inputPaths = (
				"${PODS_PODFILE_DIR_PATH}/Podfile.lock",
				"${PODS_ROOT}/Manifest.lock",
			);
			name = "[CP] Check Pods Manifest.lock";
			outputFileListPaths = (
			);
			outputPaths = (
				"$(DERIVED_FILE_DIR)/Pods-SunnyWeatherIos-checkManifestLockResult.txt",
			);
			runOnlyForDeploymentPostprocessing = 0;
			shellPath = /bin/sh;
			shellScript = "diff \"${PODS_PODFILE_DIR_PATH}/Podfile.lock\" \"${PODS_ROOT}/Manifest.lock\" > /dev/null\nif [ $? != 0 ] ; then\n    # print error to STDERR\n    echo \"error: The sandbox is not in sync with the Podfile.lock. Run 'pod install' or update your CocoaPods installation.\" >&2\n    exit 1\nfi\n# This output is used by Xcode 'outputs' to avoid re-running this script phase.\necho \"SUCCESS\" > \"${SCRIPT_OUTPUT_FILE_0}\"\n";
			showEnvVarsInLog = 0;
		};
		DBC3670AC63E8AD837679764 /* [CP] Check Pods Manifest.lock */ = {
			isa = PBXShellScriptBuildPhase;
			buildActionMask = 2147483647;
			files = (
			);
			inputFileListPaths = (
			);
			inputPaths = (
				"${PODS_PODFILE_DIR_PATH}/Podfile.lock",
				"${PODS_ROOT}/Manifest.lock",
			);
			name = "[CP] Check Pods Manifest.lock";
			outputFileListPaths = (
			);
			outputPaths = (
				"$(DERIVED_FILE_DIR)/Pods-SunnyWeatherIos-SunnyWeatherIosUITests-checkManifestLockResult.txt",
			);
			runOnlyForDeploymentPostprocessing = 0;
			shellPath = /bin/sh;
			shellScript = "diff \"${PODS_PODFILE_DIR_PATH}/Podfile.lock\" \"${PODS_ROOT}/Manifest.lock\" > /dev/null\nif [ $? != 0 ] ; then\n    # print error to STDERR\n    echo \"error: The sandbox is not in sync with the Podfile.lock. Run 'pod install' or update your CocoaPods installation.\" >&2\n    exit 1\nfi\n# This output is used by Xcode 'outputs' to avoid re-running this script phase.\necho \"SUCCESS\" > \"${SCRIPT_OUTPUT_FILE_0}\"\n";
			showEnvVarsInLog = 0;
		};
/* End PBXShellScriptBuildPhase section */

/* Begin PBXSourcesBuildPhase section */
		9D6FFE4627375E3200519E1A /* Sources */ = {
			isa = PBXSourcesBuildPhase;
			buildActionMask = 2147483647;
			files = (
				9DF54D4E276094CD00CCAE2D /* AirDesToColor.swift in Sources */,
				9DB0D2462743DA3A00ACA064 /* SkyconToName.swift in Sources */,
				9DF3A9F32761DFBF0013C10C /* AlertCodeToImage.swift in Sources */,
				9D4E6AC9274488AF006D0D2B /* DateInformation.swift in Sources */,
				9DB0D23C273914C400ACA064 /* WeatherDetial.swift in Sources */,
				9D478B5C275E552000FB62DD /* SearchModel.swift in Sources */,
				9DF3A9F72761FC680013C10C /* ChangeWindDoubleToString.swift in Sources */,
				9D0527B02758B1A40047C390 /* CityService.swift in Sources */,
				9D2F892A275C8E9D00933D77 /* CityView.swift in Sources */,
				9DB0D23E2739192D00ACA064 /* WeatherBackground.swift in Sources */,
				9DF3A9F52761E39F0013C10C /* SettingUnit.swift in Sources */,
				9D3C07792753CC0400059C3F /* InformationView.swift in Sources */,
				9D6FFE5027375E3200519E1A /* ContentView.swift in Sources */,
				9D0EC6B42761111000219DA2 /* AboutSoftwareView.swift in Sources */,
				9D8BBD5F275F34110026F6A0 /* SkyconToBackground.swift in Sources */,
				9D0EC6A92760B86600219DA2 /* AirPositionView.swift in Sources */,
				9D0EC6AC2760F70A00219DA2 /* LocationManager.swift in Sources */,
				9DF3A9FC276247690013C10C /* UserDefaultManager.swift in Sources */,
				9D0EC6B227610A2900219DA2 /* SettingView.swift in Sources */,
				9D6C7C1727575174006D4B6D /* WeatherScrollview.swift in Sources */,
				9D4E6AC727448720006D0D2B /* TemperatureImformation.swift in Sources */,
				9D6FFE4E27375E3200519E1A /* SunnyWeatherIosApp.swift in Sources */,
				9DF54D5027609B8900CCAE2D /* PopupCardStyle.swift in Sources */,
				9D478B5E275E5AF500FB62DD /* SearchResultModel.swift in Sources */,
				9D6FFE872737B57200519E1A /* WeatherService.swift in Sources */,
				9D4E6ACD27448B88006D0D2B /* HourlyTemperatureInformation.swift in Sources */,
				9D0527B62758B8470047C390 /* CityNetworkManager.swift in Sources */,
				9D6FFE842737712800519E1A /* WeatherModel.swift in Sources */,
				9DB0D23727390F5E00ACA064 /* WeatherDetialViewModel.swift in Sources */,
				9D0527E22758DB750047C390 /* SkyconToImage.swift in Sources */,
				9D670BE9274531FB00FA1E45 /* DailyWeatherInformation.swift in Sources */,
				9D670BEB2745602200FA1E45 /* WeatherInformation.swift in Sources */,
				9DB0D24127391A9C00ACA064 /* WeatherDetialModel.swift in Sources */,
				9DB0D2482743E53A00ACA064 /* Date.swift in Sources */,
				9D0527B32758B7A80047C390 /* CityModel.swift in Sources */,
				9DA7C85F275A0A30009EE64D /* CityManagerView.swift in Sources */,
				9D3C077B2753DE2E00059C3F /* LifeIndexInformation.swift in Sources */,
				9D6FFE8D2737C01300519E1A /* WeatherNetworkManager.swift in Sources */,
				9D8BBD92275F3A630026F6A0 /* SkyconToBgframe.swift in Sources */,
				9D4E6ACB27448A0D006D0D2B /* Air_AlertButton.swift in Sources */,
				9D34B0AF275F9A9200C75F3C /* RefreshableScrollView.swift in Sources */,
			);
			runOnlyForDeploymentPostprocessing = 0;
		};
		9D6FFE5B27375E3400519E1A /* Sources */ = {
			isa = PBXSourcesBuildPhase;
			buildActionMask = 2147483647;
			files = (
				9D6FFE6427375E3400519E1A /* SunnyWeatherIosTests.swift in Sources */,
			);
			runOnlyForDeploymentPostprocessing = 0;
		};
		9D6FFE6527375E3400519E1A /* Sources */ = {
			isa = PBXSourcesBuildPhase;
			buildActionMask = 2147483647;
			files = (
				9D6FFE6E27375E3400519E1A /* SunnyWeatherIosUITests.swift in Sources */,
				9D6FFE7027375E3400519E1A /* SunnyWeatherIosUITestsLaunchTests.swift in Sources */,
			);
			runOnlyForDeploymentPostprocessing = 0;
		};
/* End PBXSourcesBuildPhase section */

/* Begin PBXTargetDependency section */
		9D6FFE6127375E3400519E1A /* PBXTargetDependency */ = {
			isa = PBXTargetDependency;
			target = 9D6FFE4927375E3200519E1A /* SunnyWeatherIos */;
			targetProxy = 9D6FFE6027375E3400519E1A /* PBXContainerItemProxy */;
		};
		9D6FFE6B27375E3400519E1A /* PBXTargetDependency */ = {
			isa = PBXTargetDependency;
			target = 9D6FFE4927375E3200519E1A /* SunnyWeatherIos */;
			targetProxy = 9D6FFE6A27375E3400519E1A /* PBXContainerItemProxy */;
		};
/* End PBXTargetDependency section */

/* Begin XCBuildConfiguration section */
		9D6FFE7127375E3400519E1A /* Debug */ = {
			isa = XCBuildConfiguration;
			buildSettings = {
				ALWAYS_SEARCH_USER_PATHS = NO;
				CLANG_ANALYZER_NONNULL = YES;
				CLANG_ANALYZER_NUMBER_OBJECT_CONVERSION = YES_AGGRESSIVE;
				CLANG_CXX_LANGUAGE_STANDARD = "gnu++17";
				CLANG_CXX_LIBRARY = "libc++";
				CLANG_ENABLE_MODULES = YES;
				CLANG_ENABLE_OBJC_ARC = YES;
				CLANG_ENABLE_OBJC_WEAK = YES;
				CLANG_WARN_BLOCK_CAPTURE_AUTORELEASING = YES;
				CLANG_WARN_BOOL_CONVERSION = YES;
				CLANG_WARN_COMMA = YES;
				CLANG_WARN_CONSTANT_CONVERSION = YES;
				CLANG_WARN_DEPRECATED_OBJC_IMPLEMENTATIONS = YES;
				CLANG_WARN_DIRECT_OBJC_ISA_USAGE = YES_ERROR;
				CLANG_WARN_DOCUMENTATION_COMMENTS = YES;
				CLANG_WARN_EMPTY_BODY = YES;
				CLANG_WARN_ENUM_CONVERSION = YES;
				CLANG_WARN_INFINITE_RECURSION = YES;
				CLANG_WARN_INT_CONVERSION = YES;
				CLANG_WARN_NON_LITERAL_NULL_CONVERSION = YES;
				CLANG_WARN_OBJC_IMPLICIT_RETAIN_SELF = YES;
				CLANG_WARN_OBJC_LITERAL_CONVERSION = YES;
				CLANG_WARN_OBJC_ROOT_CLASS = YES_ERROR;
				CLANG_WARN_QUOTED_INCLUDE_IN_FRAMEWORK_HEADER = YES;
				CLANG_WARN_RANGE_LOOP_ANALYSIS = YES;
				CLANG_WARN_STRICT_PROTOTYPES = YES;
				CLANG_WARN_SUSPICIOUS_MOVE = YES;
				CLANG_WARN_UNGUARDED_AVAILABILITY = YES_AGGRESSIVE;
				CLANG_WARN_UNREACHABLE_CODE = YES;
				CLANG_WARN__DUPLICATE_METHOD_MATCH = YES;
				COPY_PHASE_STRIP = NO;
				DEBUG_INFORMATION_FORMAT = dwarf;
				ENABLE_STRICT_OBJC_MSGSEND = YES;
				ENABLE_TESTABILITY = YES;
				GCC_C_LANGUAGE_STANDARD = gnu11;
				GCC_DYNAMIC_NO_PIC = NO;
				GCC_NO_COMMON_BLOCKS = YES;
				GCC_OPTIMIZATION_LEVEL = 0;
				GCC_PREPROCESSOR_DEFINITIONS = (
					"DEBUG=1",
					"$(inherited)",
				);
				GCC_WARN_64_TO_32_BIT_CONVERSION = YES;
				GCC_WARN_ABOUT_RETURN_TYPE = YES_ERROR;
				GCC_WARN_UNDECLARED_SELECTOR = YES;
				GCC_WARN_UNINITIALIZED_AUTOS = YES_AGGRESSIVE;
				GCC_WARN_UNUSED_FUNCTION = YES;
				GCC_WARN_UNUSED_VARIABLE = YES;
				IPHONEOS_DEPLOYMENT_TARGET = 15.0;
				MTL_ENABLE_DEBUG_INFO = INCLUDE_SOURCE;
				MTL_FAST_MATH = YES;
				ONLY_ACTIVE_ARCH = YES;
				SDKROOT = iphoneos;
				SWIFT_ACTIVE_COMPILATION_CONDITIONS = DEBUG;
				SWIFT_OPTIMIZATION_LEVEL = "-Onone";
			};
			name = Debug;
		};
		9D6FFE7227375E3400519E1A /* Release */ = {
			isa = XCBuildConfiguration;
			buildSettings = {
				ALWAYS_SEARCH_USER_PATHS = NO;
				CLANG_ANALYZER_NONNULL = YES;
				CLANG_ANALYZER_NUMBER_OBJECT_CONVERSION = YES_AGGRESSIVE;
				CLANG_CXX_LANGUAGE_STANDARD = "gnu++17";
				CLANG_CXX_LIBRARY = "libc++";
				CLANG_ENABLE_MODULES = YES;
				CLANG_ENABLE_OBJC_ARC = YES;
				CLANG_ENABLE_OBJC_WEAK = YES;
				CLANG_WARN_BLOCK_CAPTURE_AUTORELEASING = YES;
				CLANG_WARN_BOOL_CONVERSION = YES;
				CLANG_WARN_COMMA = YES;
				CLANG_WARN_CONSTANT_CONVERSION = YES;
				CLANG_WARN_DEPRECATED_OBJC_IMPLEMENTATIONS = YES;
				CLANG_WARN_DIRECT_OBJC_ISA_USAGE = YES_ERROR;
				CLANG_WARN_DOCUMENTATION_COMMENTS = YES;
				CLANG_WARN_EMPTY_BODY = YES;
				CLANG_WARN_ENUM_CONVERSION = YES;
				CLANG_WARN_INFINITE_RECURSION = YES;
				CLANG_WARN_INT_CONVERSION = YES;
				CLANG_WARN_NON_LITERAL_NULL_CONVERSION = YES;
				CLANG_WARN_OBJC_IMPLICIT_RETAIN_SELF = YES;
				CLANG_WARN_OBJC_LITERAL_CONVERSION = YES;
				CLANG_WARN_OBJC_ROOT_CLASS = YES_ERROR;
				CLANG_WARN_QUOTED_INCLUDE_IN_FRAMEWORK_HEADER = YES;
				CLANG_WARN_RANGE_LOOP_ANALYSIS = YES;
				CLANG_WARN_STRICT_PROTOTYPES = YES;
				CLANG_WARN_SUSPICIOUS_MOVE = YES;
				CLANG_WARN_UNGUARDED_AVAILABILITY = YES_AGGRESSIVE;
				CLANG_WARN_UNREACHABLE_CODE = YES;
				CLANG_WARN__DUPLICATE_METHOD_MATCH = YES;
				COPY_PHASE_STRIP = NO;
				DEBUG_INFORMATION_FORMAT = "dwarf-with-dsym";
				ENABLE_NS_ASSERTIONS = NO;
				ENABLE_STRICT_OBJC_MSGSEND = YES;
				GCC_C_LANGUAGE_STANDARD = gnu11;
				GCC_NO_COMMON_BLOCKS = YES;
				GCC_WARN_64_TO_32_BIT_CONVERSION = YES;
				GCC_WARN_ABOUT_RETURN_TYPE = YES_ERROR;
				GCC_WARN_UNDECLARED_SELECTOR = YES;
				GCC_WARN_UNINITIALIZED_AUTOS = YES_AGGRESSIVE;
				GCC_WARN_UNUSED_FUNCTION = YES;
				GCC_WARN_UNUSED_VARIABLE = YES;
				IPHONEOS_DEPLOYMENT_TARGET = 15.0;
				MTL_ENABLE_DEBUG_INFO = NO;
				MTL_FAST_MATH = YES;
				SDKROOT = iphoneos;
				SWIFT_COMPILATION_MODE = wholemodule;
				SWIFT_OPTIMIZATION_LEVEL = "-O";
				VALIDATE_PRODUCT = YES;
			};
			name = Release;
		};
		9D6FFE7427375E3400519E1A /* Debug */ = {
			isa = XCBuildConfiguration;
			baseConfigurationReference = 934E3F9965CCF37AA0AFF9B3 /* Pods-SunnyWeatherIos.debug.xcconfig */;
			buildSettings = {
				ASSETCATALOG_COMPILER_APPICON_NAME = AppIcon;
				ASSETCATALOG_COMPILER_GLOBAL_ACCENT_COLOR_NAME = AccentColor;
				CODE_SIGN_STYLE = Automatic;
				CURRENT_PROJECT_VERSION = 1;
				DEVELOPMENT_ASSET_PATHS = "\"SunnyWeatherIos/Preview Content\"";
				ENABLE_PREVIEWS = YES;
				GENERATE_INFOPLIST_FILE = YES;
				INFOPLIST_FILE = SunnyWeatherIos/Info.plist;
				INFOPLIST_KEY_CFBundleDisplayName = SunnyWeatherIos;
				INFOPLIST_KEY_LSApplicationCategoryType = "";
				INFOPLIST_KEY_NSLocationWhenInUseUsageDescription = "您的位置信息将被用于获取您所在位置的天气信息。";
				INFOPLIST_KEY_UIApplicationSceneManifest_Generation = YES;
				INFOPLIST_KEY_UIApplicationSupportsIndirectInputEvents = YES;
				INFOPLIST_KEY_UILaunchScreen_Generation = YES;
				INFOPLIST_KEY_UISupportedInterfaceOrientations_iPad = "UIInterfaceOrientationPortrait UIInterfaceOrientationPortraitUpsideDown UIInterfaceOrientationLandscapeLeft UIInterfaceOrientationLandscapeRight";
				INFOPLIST_KEY_UISupportedInterfaceOrientations_iPhone = "UIInterfaceOrientationPortrait UIInterfaceOrientationLandscapeLeft UIInterfaceOrientationLandscapeRight";
				IPHONEOS_DEPLOYMENT_TARGET = 15.0;
				LD_RUNPATH_SEARCH_PATHS = (
					"$(inherited)",
					"@executable_path/Frameworks",
				);
				MARKETING_VERSION = 1.3;
				PRODUCT_BUNDLE_IDENTIFIER = cugb.SunnyWeatherIos;
				PRODUCT_NAME = "$(TARGET_NAME)";
				SWIFT_EMIT_LOC_STRINGS = YES;
				SWIFT_VERSION = 5.0;
				TARGETED_DEVICE_FAMILY = "1,2";
			};
			name = Debug;
		};
		9D6FFE7527375E3400519E1A /* Release */ = {
			isa = XCBuildConfiguration;
			baseConfigurationReference = E7640CE2393E3649448A16D2 /* Pods-SunnyWeatherIos.release.xcconfig */;
			buildSettings = {
				ASSETCATALOG_COMPILER_APPICON_NAME = AppIcon;
				ASSETCATALOG_COMPILER_GLOBAL_ACCENT_COLOR_NAME = AccentColor;
				CODE_SIGN_STYLE = Automatic;
				CURRENT_PROJECT_VERSION = 1;
				DEVELOPMENT_ASSET_PATHS = "\"SunnyWeatherIos/Preview Content\"";
				ENABLE_PREVIEWS = YES;
				GENERATE_INFOPLIST_FILE = YES;
				INFOPLIST_FILE = SunnyWeatherIos/Info.plist;
				INFOPLIST_KEY_CFBundleDisplayName = SunnyWeatherIos;
				INFOPLIST_KEY_LSApplicationCategoryType = "";
				INFOPLIST_KEY_NSLocationWhenInUseUsageDescription = "您的位置信息将被用于获取您所在位置的天气信息。";
				INFOPLIST_KEY_UIApplicationSceneManifest_Generation = YES;
				INFOPLIST_KEY_UIApplicationSupportsIndirectInputEvents = YES;
				INFOPLIST_KEY_UILaunchScreen_Generation = YES;
				INFOPLIST_KEY_UISupportedInterfaceOrientations_iPad = "UIInterfaceOrientationPortrait UIInterfaceOrientationPortraitUpsideDown UIInterfaceOrientationLandscapeLeft UIInterfaceOrientationLandscapeRight";
				INFOPLIST_KEY_UISupportedInterfaceOrientations_iPhone = "UIInterfaceOrientationPortrait UIInterfaceOrientationLandscapeLeft UIInterfaceOrientationLandscapeRight";
				IPHONEOS_DEPLOYMENT_TARGET = 15.0;
				LD_RUNPATH_SEARCH_PATHS = (
					"$(inherited)",
					"@executable_path/Frameworks",
				);
				MARKETING_VERSION = 1.3;
				PRODUCT_BUNDLE_IDENTIFIER = cugb.SunnyWeatherIos;
				PRODUCT_NAME = "$(TARGET_NAME)";
				SWIFT_EMIT_LOC_STRINGS = YES;
				SWIFT_VERSION = 5.0;
				TARGETED_DEVICE_FAMILY = "1,2";
			};
			name = Release;
		};
		9D6FFE7727375E3400519E1A /* Debug */ = {
			isa = XCBuildConfiguration;
			baseConfigurationReference = 235E151D5853B81C564D5BB6 /* Pods-SunnyWeatherIosTests.debug.xcconfig */;
			buildSettings = {
				ALWAYS_EMBED_SWIFT_STANDARD_LIBRARIES = YES;
				BUNDLE_LOADER = "$(TEST_HOST)";
				CODE_SIGN_STYLE = Automatic;
				CURRENT_PROJECT_VERSION = 1;
				GENERATE_INFOPLIST_FILE = YES;
				IPHONEOS_DEPLOYMENT_TARGET = 15.0;
				LD_RUNPATH_SEARCH_PATHS = (
					"$(inherited)",
					"@executable_path/Frameworks",
					"@loader_path/Frameworks",
				);
				MARKETING_VERSION = 1.0;
				PRODUCT_BUNDLE_IDENTIFIER = cugb.SunnyWeatherIosTests;
				PRODUCT_NAME = "$(TARGET_NAME)";
				SWIFT_EMIT_LOC_STRINGS = NO;
				SWIFT_VERSION = 5.0;
				TARGETED_DEVICE_FAMILY = "1,2";
				TEST_HOST = "$(BUILT_PRODUCTS_DIR)/SunnyWeatherIos.app/SunnyWeatherIos";
			};
			name = Debug;
		};
		9D6FFE7827375E3400519E1A /* Release */ = {
			isa = XCBuildConfiguration;
			baseConfigurationReference = ED90BA1D4025C4429918BF63 /* Pods-SunnyWeatherIosTests.release.xcconfig */;
			buildSettings = {
				ALWAYS_EMBED_SWIFT_STANDARD_LIBRARIES = YES;
				BUNDLE_LOADER = "$(TEST_HOST)";
				CODE_SIGN_STYLE = Automatic;
				CURRENT_PROJECT_VERSION = 1;
				GENERATE_INFOPLIST_FILE = YES;
				IPHONEOS_DEPLOYMENT_TARGET = 15.0;
				LD_RUNPATH_SEARCH_PATHS = (
					"$(inherited)",
					"@executable_path/Frameworks",
					"@loader_path/Frameworks",
				);
				MARKETING_VERSION = 1.0;
				PRODUCT_BUNDLE_IDENTIFIER = cugb.SunnyWeatherIosTests;
				PRODUCT_NAME = "$(TARGET_NAME)";
				SWIFT_EMIT_LOC_STRINGS = NO;
				SWIFT_VERSION = 5.0;
				TARGETED_DEVICE_FAMILY = "1,2";
				TEST_HOST = "$(BUILT_PRODUCTS_DIR)/SunnyWeatherIos.app/SunnyWeatherIos";
			};
			name = Release;
		};
		9D6FFE7A27375E3400519E1A /* Debug */ = {
			isa = XCBuildConfiguration;
			baseConfigurationReference = D9A849F2943174577C06E4A6 /* Pods-SunnyWeatherIos-SunnyWeatherIosUITests.debug.xcconfig */;
			buildSettings = {
				ALWAYS_EMBED_SWIFT_STANDARD_LIBRARIES = YES;
				CODE_SIGN_STYLE = Automatic;
				CURRENT_PROJECT_VERSION = 1;
				GENERATE_INFOPLIST_FILE = YES;
				LD_RUNPATH_SEARCH_PATHS = (
					"$(inherited)",
					"@executable_path/Frameworks",
					"@loader_path/Frameworks",
				);
				MARKETING_VERSION = 1.0;
				PRODUCT_BUNDLE_IDENTIFIER = cugb.SunnyWeatherIosUITests;
				PRODUCT_NAME = "$(TARGET_NAME)";
				SWIFT_EMIT_LOC_STRINGS = NO;
				SWIFT_VERSION = 5.0;
				TARGETED_DEVICE_FAMILY = "1,2";
				TEST_TARGET_NAME = SunnyWeatherIos;
			};
			name = Debug;
		};
		9D6FFE7B27375E3400519E1A /* Release */ = {
			isa = XCBuildConfiguration;
			baseConfigurationReference = 8FE4398A74E6FBCEA3239001 /* Pods-SunnyWeatherIos-SunnyWeatherIosUITests.release.xcconfig */;
			buildSettings = {
				ALWAYS_EMBED_SWIFT_STANDARD_LIBRARIES = YES;
				CODE_SIGN_STYLE = Automatic;
				CURRENT_PROJECT_VERSION = 1;
				GENERATE_INFOPLIST_FILE = YES;
				LD_RUNPATH_SEARCH_PATHS = (
					"$(inherited)",
					"@executable_path/Frameworks",
					"@loader_path/Frameworks",
				);
				MARKETING_VERSION = 1.0;
				PRODUCT_BUNDLE_IDENTIFIER = cugb.SunnyWeatherIosUITests;
				PRODUCT_NAME = "$(TARGET_NAME)";
				SWIFT_EMIT_LOC_STRINGS = NO;
				SWIFT_VERSION = 5.0;
				TARGETED_DEVICE_FAMILY = "1,2";
				TEST_TARGET_NAME = SunnyWeatherIos;
			};
			name = Release;
		};
/* End XCBuildConfiguration section */

/* Begin XCConfigurationList section */
		9D6FFE4527375E3200519E1A /* Build configuration list for PBXProject "SunnyWeatherIos" */ = {
			isa = XCConfigurationList;
			buildConfigurations = (
				9D6FFE7127375E3400519E1A /* Debug */,
				9D6FFE7227375E3400519E1A /* Release */,
			);
			defaultConfigurationIsVisible = 0;
			defaultConfigurationName = Release;
		};
		9D6FFE7327375E3400519E1A /* Build configuration list for PBXNativeTarget "SunnyWeatherIos" */ = {
			isa = XCConfigurationList;
			buildConfigurations = (
				9D6FFE7427375E3400519E1A /* Debug */,
				9D6FFE7527375E3400519E1A /* Release */,
			);
			defaultConfigurationIsVisible = 0;
			defaultConfigurationName = Release;
		};
		9D6FFE7627375E3400519E1A /* Build configuration list for PBXNativeTarget "SunnyWeatherIosTests" */ = {
			isa = XCConfigurationList;
			buildConfigurations = (
				9D6FFE7727375E3400519E1A /* Debug */,
				9D6FFE7827375E3400519E1A /* Release */,
			);
			defaultConfigurationIsVisible = 0;
			defaultConfigurationName = Release;
		};
		9D6FFE7927375E3400519E1A /* Build configuration list for PBXNativeTarget "SunnyWeatherIosUITests" */ = {
			isa = XCConfigurationList;
			buildConfigurations = (
				9D6FFE7A27375E3400519E1A /* Debug */,
				9D6FFE7B27375E3400519E1A /* Release */,
			);
			defaultConfigurationIsVisible = 0;
			defaultConfigurationName = Release;
		};
/* End XCConfigurationList section */
	};
	rootObject = 9D6FFE4227375E3200519E1A /* Project object */;
}
