// !$*UTF8*$!
{
	archiveVersion = 1;
	classes = {
	};
	objectVersion = 55;
	objects = {

/* Begin PBXBuildFile section */
		9D6FFE4E27375E3200519E1A /* SunnyWeatherIosApp.swift in Sources */ = {isa = PBXBuildFile; fileRef = 9D6FFE4D27375E3200519E1A /* SunnyWeatherIosApp.swift */; };
		9D6FFE5027375E3200519E1A /* ContentView.swift in Sources */ = {isa = PBXBuildFile; fileRef = 9D6FFE4F27375E3200519E1A /* ContentView.swift */; };
		9D6FFE5227375E3400519E1A /* Assets.xcassets in Resources */ = {isa = PBXBuildFile; fileRef = 9D6FFE5127375E3400519E1A /* Assets.xcassets */; };
		9D6FFE5527375E3400519E1A /* Preview Assets.xcassets in Resources */ = {isa = PBXBuildFile; fileRef = 9D6FFE5427375E3400519E1A /* Preview Assets.xcassets */; };
		9D6FFE5727375E3400519E1A /* Persistence.swift in Sources */ = {isa = PBXBuildFile; fileRef = 9D6FFE5627375E3400519E1A /* Persistence.swift */; };
		9D6FFE5A27375E3400519E1A /* SunnyWeatherIos.xcdatamodeld in Sources */ = {isa = PBXBuildFile; fileRef = 9D6FFE5827375E3400519E1A /* SunnyWeatherIos.xcdatamodeld */; };
		9D6FFE6427375E3400519E1A /* SunnyWeatherIosTests.swift in Sources */ = {isa = PBXBuildFile; fileRef = 9D6FFE6327375E3400519E1A /* SunnyWeatherIosTests.swift */; };
		9D6FFE6E27375E3400519E1A /* SunnyWeatherIosUITests.swift in Sources */ = {isa = PBXBuildFile; fileRef = 9D6FFE6D27375E3400519E1A /* SunnyWeatherIosUITests.swift */; };
		9D6FFE7027375E3400519E1A /* SunnyWeatherIosUITestsLaunchTests.swift in Sources */ = {isa = PBXBuildFile; fileRef = 9D6FFE6F27375E3400519E1A /* SunnyWeatherIosUITestsLaunchTests.swift */; };
/* End PBXBuildFile section */

/* Begin PBXContainerItemProxy section */
		9D6FFE6027375E3400519E1A /* PBXContainerItemProxy */ = {
			isa = PBXContainerItemProxy;
			containerPortal = 9D6FFE4227375E3200519E1A /* Project object */;
			proxyType = 1;
			remoteGlobalIDString = 9D6FFE4927375E3200519E1A;
			remoteInfo = SunnyWeatherIos;
		};
		9D6FFE6A27375E3400519E1A /* PBXContainerItemProxy */ = {
			isa = PBXContainerItemProxy;
			containerPortal = 9D6FFE4227375E3200519E1A /* Project object */;
			proxyType = 1;
			remoteGlobalIDString = 9D6FFE4927375E3200519E1A;
			remoteInfo = SunnyWeatherIos;
		};
/* End PBXContainerItemProxy section */

/* Begin PBXFileReference section */
		9D6FFE4A27375E3200519E1A /* SunnyWeatherIos.app */ = {isa = PBXFileReference; explicitFileType = wrapper.application; includeInIndex = 0; path = SunnyWeatherIos.app; sourceTree = BUILT_PRODUCTS_DIR; };
		9D6FFE4D27375E3200519E1A /* SunnyWeatherIosApp.swift */ = {isa = PBXFileReference; lastKnownFileType = sourcecode.swift; path = SunnyWeatherIosApp.swift; sourceTree = "<group>"; };
		9D6FFE4F27375E3200519E1A /* ContentView.swift */ = {isa = PBXFileReference; lastKnownFileType = sourcecode.swift; path = ContentView.swift; sourceTree = "<group>"; };
		9D6FFE5127375E3400519E1A /* Assets.xcassets */ = {isa = PBXFileReference; lastKnownFileType = folder.assetcatalog; path = Assets.xcassets; sourceTree = "<group>"; };
		9D6FFE5427375E3400519E1A /* Preview Assets.xcassets */ = {isa = PBXFileReference; lastKnownFileType = folder.assetcatalog; path = "Preview Assets.xcassets"; sourceTree = "<group>"; };
		9D6FFE5627375E3400519E1A /* Persistence.swift */ = {isa = PBXFileReference; lastKnownFileType = sourcecode.swift; path = Persistence.swift; sourceTree = "<group>"; };
		9D6FFE5927375E3400519E1A /* SunnyWeatherIos.xcdatamodel */ = {isa = PBXFileReference; lastKnownFileType = wrapper.xcdatamodel; path = SunnyWeatherIos.xcdatamodel; sourceTree = "<group>"; };
		9D6FFE5F27375E3400519E1A /* SunnyWeatherIosTests.xctest */ = {isa = PBXFileReference; explicitFileType = wrapper.cfbundle; includeInIndex = 0; path = SunnyWeatherIosTests.xctest; sourceTree = BUILT_PRODUCTS_DIR; };
		9D6FFE6327375E3400519E1A /* SunnyWeatherIosTests.swift */ = {isa = PBXFileReference; lastKnownFileType = sourcecode.swift; path = SunnyWeatherIosTests.swift; sourceTree = "<group>"; };
		9D6FFE6927375E3400519E1A /* SunnyWeatherIosUITests.xctest */ = {isa = PBXFileReference; explicitFileType = wrapper.cfbundle; includeInIndex = 0; path = SunnyWeatherIosUITests.xctest; sourceTree = BUILT_PRODUCTS_DIR; };
		9D6FFE6D27375E3400519E1A /* SunnyWeatherIosUITests.swift */ = {isa = PBXFileReference; lastKnownFileType = sourcecode.swift; path = SunnyWeatherIosUITests.swift; sourceTree = "<group>"; };
		9D6FFE6F27375E3400519E1A /* SunnyWeatherIosUITestsLaunchTests.swift */ = {isa = PBXFileReference; lastKnownFileType = sourcecode.swift; path = SunnyWeatherIosUITestsLaunchTests.swift; sourceTree = "<group>"; };
/* End PBXFileReference section */

/* Begin PBXFrameworksBuildPhase section */
		9D6FFE4727375E3200519E1A /* Frameworks */ = {
			isa = PBXFrameworksBuildPhase;
			buildActionMask = 2147483647;
			files = (
			);
			runOnlyForDeploymentPostprocessing = 0;
		};
		9D6FFE5C27375E3400519E1A /* Frameworks */ = {
			isa = PBXFrameworksBuildPhase;
			buildActionMask = 2147483647;
			files = (
			);
			runOnlyForDeploymentPostprocessing = 0;
		};
		9D6FFE6627375E3400519E1A /* Frameworks */ = {
			isa = PBXFrameworksBuildPhase;
			buildActionMask = 2147483647;
			files = (
			);
			runOnlyForDeploymentPostprocessing = 0;
		};
/* End PBXFrameworksBuildPhase section */

/* Begin PBXGroup section */
		9D6FFE4127375E3200519E1A = {
			isa = PBXGroup;
			children = (
				9D6FFE4C27375E3200519E1A /* SunnyWeatherIos */,
				9D6FFE6227375E3400519E1A /* SunnyWeatherIosTests */,
				9D6FFE6C27375E3400519E1A /* SunnyWeatherIosUITests */,
				9D6FFE4B27375E3200519E1A /* Products */,
			);
			sourceTree = "<group>";
		};
		9D6FFE4B27375E3200519E1A /* Products */ = {
			isa = PBXGroup;
			children = (
				9D6FFE4A27375E3200519E1A /* SunnyWeatherIos.app */,
				9D6FFE5F27375E3400519E1A /* SunnyWeatherIosTests.xctest */,
				9D6FFE6927375E3400519E1A /* SunnyWeatherIosUITests.xctest */,
			);
			name = Products;
			sourceTree = "<group>";
		};
		9D6FFE4C27375E3200519E1A /* SunnyWeatherIos */ = {
			isa = PBXGroup;
			children = (
				9D6FFE4D27375E3200519E1A /* SunnyWeatherIosApp.swift */,
				9D6FFE4F27375E3200519E1A /* ContentView.swift */,
				9D6FFE5127375E3400519E1A /* Assets.xcassets */,
				9D6FFE5627375E3400519E1A /* Persistence.swift */,
				9D6FFE5827375E3400519E1A /* SunnyWeatherIos.xcdatamodeld */,
				9D6FFE5327375E3400519E1A /* Preview Content */,
			);
			path = SunnyWeatherIos;
			sourceTree = "<group>";
		};
		9D6FFE5327375E3400519E1A /* Preview Content */ = {
			isa = PBXGroup;
			children = (
				9D6FFE5427375E3400519E1A /* Preview Assets.xcassets */,
			);
			path = "Preview Content";
			sourceTree = "<group>";
		};
		9D6FFE6227375E3400519E1A /* SunnyWeatherIosTests */ = {
			isa = PBXGroup;
			children = (
				9D6FFE6327375E3400519E1A /* SunnyWeatherIosTests.swift */,
			);
			path = SunnyWeatherIosTests;
			sourceTree = "<group>";
		};
		9D6FFE6C27375E3400519E1A /* SunnyWeatherIosUITests */ = {
			isa = PBXGroup;
			children = (
				9D6FFE6D27375E3400519E1A /* SunnyWeatherIosUITests.swift */,
				9D6FFE6F27375E3400519E1A /* SunnyWeatherIosUITestsLaunchTests.swift */,
			);
			path = SunnyWeatherIosUITests;
			sourceTree = "<group>";
		};
/* End PBXGroup section */

/* Begin PBXNativeTarget section */
		9D6FFE4927375E3200519E1A /* SunnyWeatherIos */ = {
			isa = PBXNativeTarget;
			buildConfigurationList = 9D6FFE7327375E3400519E1A /* Build configuration list for PBXNativeTarget "SunnyWeatherIos" */;
			buildPhases = (
				9D6FFE4627375E3200519E1A /* Sources */,
				9D6FFE4727375E3200519E1A /* Frameworks */,
				9D6FFE4827375E3200519E1A /* Resources */,
			);
			buildRules = (
			);
			dependencies = (
			);
			name = SunnyWeatherIos;
			productName = SunnyWeatherIos;
			productReference = 9D6FFE4A27375E3200519E1A /* SunnyWeatherIos.app */;
			productType = "com.apple.product-type.application";
		};
		9D6FFE5E27375E3400519E1A /* SunnyWeatherIosTests */ = {
			isa = PBXNativeTarget;
			buildConfigurationList = 9D6FFE7627375E3400519E1A /* Build configuration list for PBXNativeTarget "SunnyWeatherIosTests" */;
			buildPhases = (
				9D6FFE5B27375E3400519E1A /* Sources */,
				9D6FFE5C27375E3400519E1A /* Frameworks */,
				9D6FFE5D27375E3400519E1A /* Resources */,
			);
			buildRules = (
			);
			dependencies = (
				9D6FFE6127375E3400519E1A /* PBXTargetDependency */,
			);
			name = SunnyWeatherIosTests;
			productName = SunnyWeatherIosTests;
			productReference = 9D6FFE5F27375E3400519E1A /* SunnyWeatherIosTests.xctest */;
			productType = "com.apple.product-type.bundle.unit-test";
		};
		9D6FFE6827375E3400519E1A /* SunnyWeatherIosUITests */ = {
			isa = PBXNativeTarget;
			buildConfigurationList = 9D6FFE7927375E3400519E1A /* Build configuration list for PBXNativeTarget "SunnyWeatherIosUITests" */;
			buildPhases = (
				9D6FFE6527375E3400519E1A /* Sources */,
				9D6FFE6627375E3400519E1A /* Frameworks */,
				9D6FFE6727375E3400519E1A /* Resources */,
			);
			buildRules = (
			);
			dependencies = (
				9D6FFE6B27375E3400519E1A /* PBXTargetDependency */,
			);
			name = SunnyWeatherIosUITests;
			productName = SunnyWeatherIosUITests;
			productReference = 9D6FFE6927375E3400519E1A /* SunnyWeatherIosUITests.xctest */;
			productType = "com.apple.product-type.bundle.ui-testing";
		};
/* End PBXNativeTarget section */

/* Begin PBXProject section */
		9D6FFE4227375E3200519E1A /* Project object */ = {
			isa = PBXProject;
			attributes = {
				BuildIndependentTargetsInParallel = 1;
				LastSwiftUpdateCheck = 1310;
				LastUpgradeCheck = 1310;
				TargetAttributes = {
					9D6FFE4927375E3200519E1A = {
						CreatedOnToolsVersion = 13.1;
					};
					9D6FFE5E27375E3400519E1A = {
						CreatedOnToolsVersion = 13.1;
						TestTargetID = 9D6FFE4927375E3200519E1A;
					};
					9D6FFE6827375E3400519E1A = {
						CreatedOnToolsVersion = 13.1;
						TestTargetID = 9D6FFE4927375E3200519E1A;
					};
				};
			};
			buildConfigurationList = 9D6FFE4527375E3200519E1A /* Build configuration list for PBXProject "SunnyWeatherIos" */;
			compatibilityVersion = "Xcode 13.0";
			developmentRegion = en;
			hasScannedForEncodings = 0;
			knownRegions = (
				en,
				Base,
			);
			mainGroup = 9D6FFE4127375E3200519E1A;
			productRefGroup = 9D6FFE4B27375E3200519E1A /* Products */;
			projectDirPath = "";
			projectRoot = "";
			targets = (
				9D6FFE4927375E3200519E1A /* SunnyWeatherIos */,
				9D6FFE5E27375E3400519E1A /* SunnyWeatherIosTests */,
				9D6FFE6827375E3400519E1A /* SunnyWeatherIosUITests */,
			);
		};
/* End PBXProject section */

/* Begin PBXResourcesBuildPhase section */
		9D6FFE4827375E3200519E1A /* Resources */ = {
			isa = PBXResourcesBuildPhase;
			buildActionMask = 2147483647;
			files = (
				9D6FFE5527375E3400519E1A /* Preview Assets.xcassets in Resources */,
				9D6FFE5227375E3400519E1A /* Assets.xcassets in Resources */,
			);
			runOnlyForDeploymentPostprocessing = 0;
		};
		9D6FFE5D27375E3400519E1A /* Resources */ = {
			isa = PBXResourcesBuildPhase;
			buildActionMask = 2147483647;
			files = (
			);
			runOnlyForDeploymentPostprocessing = 0;
		};
		9D6FFE6727375E3400519E1A /* Resources */ = {
			isa = PBXResourcesBuildPhase;
			buildActionMask = 2147483647;
			files = (
			);
			runOnlyForDeploymentPostprocessing = 0;
		};
/* End PBXResourcesBuildPhase section */

/* Begin PBXSourcesBuildPhase section */
		9D6FFE4627375E3200519E1A /* Sources */ = {
			isa = PBXSourcesBuildPhase;
			buildActionMask = 2147483647;
			files = (
				9D6FFE5A27375E3400519E1A /* SunnyWeatherIos.xcdatamodeld in Sources */,
				9D6FFE5727375E3400519E1A /* Persistence.swift in Sources */,
				9D6FFE5027375E3200519E1A /* ContentView.swift in Sources */,
				9D6FFE4E27375E3200519E1A /* SunnyWeatherIosApp.swift in Sources */,
			);
			runOnlyForDeploymentPostprocessing = 0;
		};
		9D6FFE5B27375E3400519E1A /* Sources */ = {
			isa = PBXSourcesBuildPhase;
			buildActionMask = 2147483647;
			files = (
				9D6FFE6427375E3400519E1A /* SunnyWeatherIosTests.swift in Sources */,
			);
			runOnlyForDeploymentPostprocessing = 0;
		};
		9D6FFE6527375E3400519E1A /* Sources */ = {
			isa = PBXSourcesBuildPhase;
			buildActionMask = 2147483647;
			files = (
				9D6FFE6E27375E3400519E1A /* SunnyWeatherIosUITests.swift in Sources */,
				9D6FFE7027375E3400519E1A /* SunnyWeatherIosUITestsLaunchTests.swift in Sources */,
			);
			runOnlyForDeploymentPostprocessing = 0;
		};
/* End PBXSourcesBuildPhase section */

/* Begin PBXTargetDependency section */
		9D6FFE6127375E3400519E1A /* PBXTargetDependency */ = {
			isa = PBXTargetDependency;
			target = 9D6FFE4927375E3200519E1A /* SunnyWeatherIos */;
			targetProxy = 9D6FFE6027375E3400519E1A /* PBXContainerItemProxy */;
		};
		9D6FFE6B27375E3400519E1A /* PBXTargetDependency */ = {
			isa = PBXTargetDependency;
			target = 9D6FFE4927375E3200519E1A /* SunnyWeatherIos */;
			targetProxy = 9D6FFE6A27375E3400519E1A /* PBXContainerItemProxy */;
		};
/* End PBXTargetDependency section */

/* Begin XCBuildConfiguration section */
		9D6FFE7127375E3400519E1A /* Debug */ = {
			isa = XCBuildConfiguration;
			buildSettings = {
				ALWAYS_SEARCH_USER_PATHS = NO;
				CLANG_ANALYZER_NONNULL = YES;
				CLANG_ANALYZER_NUMBER_OBJECT_CONVERSION = YES_AGGRESSIVE;
				CLANG_CXX_LANGUAGE_STANDARD = "gnu++17";
				CLANG_CXX_LIBRARY = "libc++";
				CLANG_ENABLE_MODULES = YES;
				CLANG_ENABLE_OBJC_ARC = YES;
				CLANG_ENABLE_OBJC_WEAK = YES;
				CLANG_WARN_BLOCK_CAPTURE_AUTORELEASING = YES;
				CLANG_WARN_BOOL_CONVERSION = YES;
				CLANG_WARN_COMMA = YES;
				CLANG_WARN_CONSTANT_CONVERSION = YES;
				CLANG_WARN_DEPRECATED_OBJC_IMPLEMENTATIONS = YES;
				CLANG_WARN_DIRECT_OBJC_ISA_USAGE = YES_ERROR;
				CLANG_WARN_DOCUMENTATION_COMMENTS = YES;
				CLANG_WARN_EMPTY_BODY = YES;
				CLANG_WARN_ENUM_CONVERSION = YES;
				CLANG_WARN_INFINITE_RECURSION = YES;
				CLANG_WARN_INT_CONVERSION = YES;
				CLANG_WARN_NON_LITERAL_NULL_CONVERSION = YES;
				CLANG_WARN_OBJC_IMPLICIT_RETAIN_SELF = YES;
				CLANG_WARN_OBJC_LITERAL_CONVERSION = YES;
				CLANG_WARN_OBJC_ROOT_CLASS = YES_ERROR;
				CLANG_WARN_QUOTED_INCLUDE_IN_FRAMEWORK_HEADER = YES;
				CLANG_WARN_RANGE_LOOP_ANALYSIS = YES;
				CLANG_WARN_STRICT_PROTOTYPES = YES;
				CLANG_WARN_SUSPICIOUS_MOVE = YES;
				CLANG_WARN_UNGUARDED_AVAILABILITY = YES_AGGRESSIVE;
				CLANG_WARN_UNREACHABLE_CODE = YES;
				CLANG_WARN__DUPLICATE_METHOD_MATCH = YES;
				COPY_PHASE_STRIP = NO;
				DEBUG_INFORMATION_FORMAT = dwarf;
				ENABLE_STRICT_OBJC_MSGSEND = YES;
				ENABLE_TESTABILITY = YES;
				GCC_C_LANGUAGE_STANDARD = gnu11;
				GCC_DYNAMIC_NO_PIC = NO;
				GCC_NO_COMMON_BLOCKS = YES;
				GCC_OPTIMIZATION_LEVEL = 0;
				GCC_PREPROCESSOR_DEFINITIONS = (
					"DEBUG=1",
					"$(inherited)",
				);
				GCC_WARN_64_TO_32_BIT_CONVERSION = YES;
				GCC_WARN_ABOUT_RETURN_TYPE = YES_ERROR;
				GCC_WARN_UNDECLARED_SELECTOR = YES;
				GCC_WARN_UNINITIALIZED_AUTOS = YES_AGGRESSIVE;
				GCC_WARN_UNUSED_FUNCTION = YES;
				GCC_WARN_UNUSED_VARIABLE = YES;
				IPHONEOS_DEPLOYMENT_TARGET = 15.0;
				MTL_ENABLE_DEBUG_INFO = INCLUDE_SOURCE;
				MTL_FAST_MATH = YES;
				ONLY_ACTIVE_ARCH = YES;
				SDKROOT = iphoneos;
				SWIFT_ACTIVE_COMPILATION_CONDITIONS = DEBUG;
				SWIFT_OPTIMIZATION_LEVEL = "-Onone";
			};
			name = Debug;
		};
		9D6FFE7227375E3400519E1A /* Release */ = {
			isa = XCBuildConfiguration;
			buildSettings = {
				ALWAYS_SEARCH_USER_PATHS = NO;
				CLANG_ANALYZER_NONNULL = YES;
				CLANG_ANALYZER_NUMBER_OBJECT_CONVERSION = YES_AGGRESSIVE;
				CLANG_CXX_LANGUAGE_STANDARD = "gnu++17";
				CLANG_CXX_LIBRARY = "libc++";
				CLANG_ENABLE_MODULES = YES;
				CLANG_ENABLE_OBJC_ARC = YES;
				CLANG_ENABLE_OBJC_WEAK = YES;
				CLANG_WARN_BLOCK_CAPTURE_AUTORELEASING = YES;
				CLANG_WARN_BOOL_CONVERSION = YES;
				CLANG_WARN_COMMA = YES;
				CLANG_WARN_CONSTANT_CONVERSION = YES;
				CLANG_WARN_DEPRECATED_OBJC_IMPLEMENTATIONS = YES;
				CLANG_WARN_DIRECT_OBJC_ISA_USAGE = YES_ERROR;
				CLANG_WARN_DOCUMENTATION_COMMENTS = YES;
				CLANG_WARN_EMPTY_BODY = YES;
				CLANG_WARN_ENUM_CONVERSION = YES;
				CLANG_WARN_INFINITE_RECURSION = YES;
				CLANG_WARN_INT_CONVERSION = YES;
				CLANG_WARN_NON_LITERAL_NULL_CONVERSION = YES;
				CLANG_WARN_OBJC_IMPLICIT_RETAIN_SELF = YES;
				CLANG_WARN_OBJC_LITERAL_CONVERSION = YES;
				CLANG_WARN_OBJC_ROOT_CLASS = YES_ERROR;
				CLANG_WARN_QUOTED_INCLUDE_IN_FRAMEWORK_HEADER = YES;
				CLANG_WARN_RANGE_LOOP_ANALYSIS = YES;
				CLANG_WARN_STRICT_PROTOTYPES = YES;
				CLANG_WARN_SUSPICIOUS_MOVE = YES;
				CLANG_WARN_UNGUARDED_AVAILABILITY = YES_AGGRESSIVE;
				CLANG_WARN_UNREACHABLE_CODE = YES;
				CLANG_WARN__DUPLICATE_METHOD_MATCH = YES;
				COPY_PHASE_STRIP = NO;
				DEBUG_INFORMATION_FORMAT = "dwarf-with-dsym";
				ENABLE_NS_ASSERTIONS = NO;
				ENABLE_STRICT_OBJC_MSGSEND = YES;
				GCC_C_LANGUAGE_STANDARD = gnu11;
				GCC_NO_COMMON_BLOCKS = YES;
				GCC_WARN_64_TO_32_BIT_CONVERSION = YES;
				GCC_WARN_ABOUT_RETURN_TYPE = YES_ERROR;
				GCC_WARN_UNDECLARED_SELECTOR = YES;
				GCC_WARN_UNINITIALIZED_AUTOS = YES_AGGRESSIVE;
				GCC_WARN_UNUSED_FUNCTION = YES;
				GCC_WARN_UNUSED_VARIABLE = YES;
				IPHONEOS_DEPLOYMENT_TARGET = 15.0;
				MTL_ENABLE_DEBUG_INFO = NO;
				MTL_FAST_MATH = YES;
				SDKROOT = iphoneos;
				SWIFT_COMPILATION_MODE = wholemodule;
				SWIFT_OPTIMIZATION_LEVEL = "-O";
				VALIDATE_PRODUCT = YES;
			};
			name = Release;
		};
		9D6FFE7427375E3400519E1A /* Debug */ = {
			isa = XCBuildConfiguration;
			buildSettings = {
				ASSETCATALOG_COMPILER_APPICON_NAME = AppIcon;
				ASSETCATALOG_COMPILER_GLOBAL_ACCENT_COLOR_NAME = AccentColor;
				CODE_SIGN_STYLE = Automatic;
				CURRENT_PROJECT_VERSION = 1;
				DEVELOPMENT_ASSET_PATHS = "\"SunnyWeatherIos/Preview Content\"";
				ENABLE_PREVIEWS = YES;
				GENERATE_INFOPLIST_FILE = YES;
				INFOPLIST_KEY_UIApplicationSceneManifest_Generation = YES;
				INFOPLIST_KEY_UIApplicationSupportsIndirectInputEvents = YES;
				INFOPLIST_KEY_UILaunchScreen_Generation = YES;
				INFOPLIST_KEY_UISupportedInterfaceOrientations_iPad = "UIInterfaceOrientationPortrait UIInterfaceOrientationPortraitUpsideDown UIInterfaceOrientationLandscapeLeft UIInterfaceOrientationLandscapeRight";
				INFOPLIST_KEY_UISupportedInterfaceOrientations_iPhone = "UIInterfaceOrientationPortrait UIInterfaceOrientationLandscapeLeft UIInterfaceOrientationLandscapeRight";
				LD_RUNPATH_SEARCH_PATHS = (
					"$(inherited)",
					"@executable_path/Frameworks",
				);
				MARKETING_VERSION = 1.0;
				PRODUCT_BUNDLE_IDENTIFIER = cugb.SunnyWeatherIos;
				PRODUCT_NAME = "$(TARGET_NAME)";
				SWIFT_EMIT_LOC_STRINGS = YES;
				SWIFT_VERSION = 5.0;
				TARGETED_DEVICE_FAMILY = "1,2";
			};
			name = Debug;
		};
		9D6FFE7527375E3400519E1A /* Release */ = {
			isa = XCBuildConfiguration;
			buildSettings = {
				ASSETCATALOG_COMPILER_APPICON_NAME = AppIcon;
				ASSETCATALOG_COMPILER_GLOBAL_ACCENT_COLOR_NAME = AccentColor;
				CODE_SIGN_STYLE = Automatic;
				CURRENT_PROJECT_VERSION = 1;
				DEVELOPMENT_ASSET_PATHS = "\"SunnyWeatherIos/Preview Content\"";
				ENABLE_PREVIEWS = YES;
				GENERATE_INFOPLIST_FILE = YES;
				INFOPLIST_KEY_UIApplicationSceneManifest_Generation = YES;
				INFOPLIST_KEY_UIApplicationSupportsIndirectInputEvents = YES;
				INFOPLIST_KEY_UILaunchScreen_Generation = YES;
				INFOPLIST_KEY_UISupportedInterfaceOrientations_iPad = "UIInterfaceOrientationPortrait UIInterfaceOrientationPortraitUpsideDown UIInterfaceOrientationLandscapeLeft UIInterfaceOrientationLandscapeRight";
				INFOPLIST_KEY_UISupportedInterfaceOrientations_iPhone = "UIInterfaceOrientationPortrait UIInterfaceOrientationLandscapeLeft UIInterfaceOrientationLandscapeRight";
				LD_RUNPATH_SEARCH_PATHS = (
					"$(inherited)",
					"@executable_path/Frameworks",
				);
				MARKETING_VERSION = 1.0;
				PRODUCT_BUNDLE_IDENTIFIER = cugb.SunnyWeatherIos;
				PRODUCT_NAME = "$(TARGET_NAME)";
				SWIFT_EMIT_LOC_STRINGS = YES;
				SWIFT_VERSION = 5.0;
				TARGETED_DEVICE_FAMILY = "1,2";
			};
			name = Release;
		};
		9D6FFE7727375E3400519E1A /* Debug */ = {
			isa = XCBuildConfiguration;
			buildSettings = {
				ALWAYS_EMBED_SWIFT_STANDARD_LIBRARIES = YES;
				BUNDLE_LOADER = "$(TEST_HOST)";
				CODE_SIGN_STYLE = Automatic;
				CURRENT_PROJECT_VERSION = 1;
				GENERATE_INFOPLIST_FILE = YES;
				IPHONEOS_DEPLOYMENT_TARGET = 15.0;
				LD_RUNPATH_SEARCH_PATHS = (
					"$(inherited)",
					"@executable_path/Frameworks",
					"@loader_path/Frameworks",
				);
				MARKETING_VERSION = 1.0;
				PRODUCT_BUNDLE_IDENTIFIER = cugb.SunnyWeatherIosTests;
				PRODUCT_NAME = "$(TARGET_NAME)";
				SWIFT_EMIT_LOC_STRINGS = NO;
				SWIFT_VERSION = 5.0;
				TARGETED_DEVICE_FAMILY = "1,2";
				TEST_HOST = "$(BUILT_PRODUCTS_DIR)/SunnyWeatherIos.app/SunnyWeatherIos";
			};
			name = Debug;
		};
		9D6FFE7827375E3400519E1A /* Release */ = {
			isa = XCBuildConfiguration;
			buildSettings = {
				ALWAYS_EMBED_SWIFT_STANDARD_LIBRARIES = YES;
				BUNDLE_LOADER = "$(TEST_HOST)";
				CODE_SIGN_STYLE = Automatic;
				CURRENT_PROJECT_VERSION = 1;
				GENERATE_INFOPLIST_FILE = YES;
				IPHONEOS_DEPLOYMENT_TARGET = 15.0;
				LD_RUNPATH_SEARCH_PATHS = (
					"$(inherited)",
					"@executable_path/Frameworks",
					"@loader_path/Frameworks",
				);
				MARKETING_VERSION = 1.0;
				PRODUCT_BUNDLE_IDENTIFIER = cugb.SunnyWeatherIosTests;
				PRODUCT_NAME = "$(TARGET_NAME)";
				SWIFT_EMIT_LOC_STRINGS = NO;
				SWIFT_VERSION = 5.0;
				TARGETED_DEVICE_FAMILY = "1,2";
				TEST_HOST = "$(BUILT_PRODUCTS_DIR)/SunnyWeatherIos.app/SunnyWeatherIos";
			};
			name = Release;
		};
		9D6FFE7A27375E3400519E1A /* Debug */ = {
			isa = XCBuildConfiguration;
			buildSettings = {
				ALWAYS_EMBED_SWIFT_STANDARD_LIBRARIES = YES;
				CODE_SIGN_STYLE = Automatic;
				CURRENT_PROJECT_VERSION = 1;
				GENERATE_INFOPLIST_FILE = YES;
				LD_RUNPATH_SEARCH_PATHS = (
					"$(inherited)",
					"@executable_path/Frameworks",
					"@loader_path/Frameworks",
				);
				MARKETING_VERSION = 1.0;
				PRODUCT_BUNDLE_IDENTIFIER = cugb.SunnyWeatherIosUITests;
				PRODUCT_NAME = "$(TARGET_NAME)";
				SWIFT_EMIT_LOC_STRINGS = NO;
				SWIFT_VERSION = 5.0;
				TARGETED_DEVICE_FAMILY = "1,2";
				TEST_TARGET_NAME = SunnyWeatherIos;
			};
			name = Debug;
		};
		9D6FFE7B27375E3400519E1A /* Release */ = {
			isa = XCBuildConfiguration;
			buildSettings = {
				ALWAYS_EMBED_SWIFT_STANDARD_LIBRARIES = YES;
				CODE_SIGN_STYLE = Automatic;
				CURRENT_PROJECT_VERSION = 1;
				GENERATE_INFOPLIST_FILE = YES;
				LD_RUNPATH_SEARCH_PATHS = (
					"$(inherited)",
					"@executable_path/Frameworks",
					"@loader_path/Frameworks",
				);
				MARKETING_VERSION = 1.0;
				PRODUCT_BUNDLE_IDENTIFIER = cugb.SunnyWeatherIosUITests;
				PRODUCT_NAME = "$(TARGET_NAME)";
				SWIFT_EMIT_LOC_STRINGS = NO;
				SWIFT_VERSION = 5.0;
				TARGETED_DEVICE_FAMILY = "1,2";
				TEST_TARGET_NAME = SunnyWeatherIos;
			};
			name = Release;
		};
/* End XCBuildConfiguration section */

/* Begin XCConfigurationList section */
		9D6FFE4527375E3200519E1A /* Build configuration list for PBXProject "SunnyWeatherIos" */ = {
			isa = XCConfigurationList;
			buildConfigurations = (
				9D6FFE7127375E3400519E1A /* Debug */,
				9D6FFE7227375E3400519E1A /* Release */,
			);
			defaultConfigurationIsVisible = 0;
			defaultConfigurationName = Release;
		};
		9D6FFE7327375E3400519E1A /* Build configuration list for PBXNativeTarget "SunnyWeatherIos" */ = {
			isa = XCConfigurationList;
			buildConfigurations = (
				9D6FFE7427375E3400519E1A /* Debug */,
				9D6FFE7527375E3400519E1A /* Release */,
			);
			defaultConfigurationIsVisible = 0;
			defaultConfigurationName = Release;
		};
		9D6FFE7627375E3400519E1A /* Build configuration list for PBXNativeTarget "SunnyWeatherIosTests" */ = {
			isa = XCConfigurationList;
			buildConfigurations = (
				9D6FFE7727375E3400519E1A /* Debug */,
				9D6FFE7827375E3400519E1A /* Release */,
			);
			defaultConfigurationIsVisible = 0;
			defaultConfigurationName = Release;
		};
		9D6FFE7927375E3400519E1A /* Build configuration list for PBXNativeTarget "SunnyWeatherIosUITests" */ = {
			isa = XCConfigurationList;
			buildConfigurations = (
				9D6FFE7A27375E3400519E1A /* Debug */,
				9D6FFE7B27375E3400519E1A /* Release */,
			);
			defaultConfigurationIsVisible = 0;
			defaultConfigurationName = Release;
		};
/* End XCConfigurationList section */

/* Begin XCVersionGroup section */
		9D6FFE5827375E3400519E1A /* SunnyWeatherIos.xcdatamodeld */ = {
			isa = XCVersionGroup;
			children = (
				9D6FFE5927375E3400519E1A /* SunnyWeatherIos.xcdatamodel */,
			);
			currentVersion = 9D6FFE5927375E3400519E1A /* SunnyWeatherIos.xcdatamodel */;
			path = SunnyWeatherIos.xcdatamodeld;
			sourceTree = "<group>";
			versionGroupType = wrapper.xcdatamodel;
		};
/* End XCVersionGroup section */
	};
	rootObject = 9D6FFE4227375E3200519E1A /* Project object */;
}
